// !$*UTF8*$!
{
	archiveVersion = 1;
	classes = {
	};
	objectVersion = 70;
	objects = {

/* Begin PBXBuildFile section */
		A037DC0E2BED200E0050E794 /* Networking in Frameworks */ = {isa = PBXBuildFile; productRef = A037DC0D2BED200E0050E794 /* Networking */; };
		A03FDF672AB74E5A00127AB6 /* WidgetKit.framework in Frameworks */ = {isa = PBXBuildFile; fileRef = A03FDF662AB74E5A00127AB6 /* WidgetKit.framework */; };
		A03FDF692AB74E5A00127AB6 /* SwiftUI.framework in Frameworks */ = {isa = PBXBuildFile; fileRef = A03FDF682AB74E5A00127AB6 /* SwiftUI.framework */; };
		A03FDF742AB74E5B00127AB6 /* HaxWidgetExtension.appex in Embed Foundation Extensions */ = {isa = PBXBuildFile; fileRef = A03FDF642AB74E5A00127AB6 /* HaxWidgetExtension.appex */; settings = {ATTRIBUTES = (RemoveHeadersOnCopy, ); }; };
		A0622B1D2BEE914900A7DD83 /* Networking in Frameworks */ = {isa = PBXBuildFile; productRef = A0622B1C2BEE914900A7DD83 /* Networking */; };
		A0AC532A2CA1DC9A00872903 /* HaxWatch.app in Embed Watch Content */ = {isa = PBXBuildFile; fileRef = A0AC531D2CA1DC9900872903 /* HaxWatch.app */; settings = {ATTRIBUTES = (RemoveHeadersOnCopy, ); }; };
		A0B11EB42CA30DD5009E3463 /* Networking in Frameworks */ = {isa = PBXBuildFile; productRef = A0B11EB32CA30DD5009E3463 /* Networking */; };
		A0C7AB7C2C6D19B3003B130A /* StoreKit.framework in Frameworks */ = {isa = PBXBuildFile; fileRef = A0C7AB7B2C6D19B3003B130A /* StoreKit.framework */; };
		A0D51B712BC6F66C001D8A78 /* HaxSafariWebExtension.appex in Embed Foundation Extensions */ = {isa = PBXBuildFile; fileRef = A0D51B592BC6F66C001D8A78 /* HaxSafariWebExtension.appex */; settings = {ATTRIBUTES = (RemoveHeadersOnCopy, ); }; };
/* End PBXBuildFile section */

/* Begin PBXContainerItemProxy section */
		A03FDF722AB74E5B00127AB6 /* PBXContainerItemProxy */ = {
			isa = PBXContainerItemProxy;
			containerPortal = A064ABA128D3ADA500572ADD /* Project object */;
			proxyType = 1;
			remoteGlobalIDString = A03FDF632AB74E5A00127AB6;
			remoteInfo = HaxWidgetExtension;
		};
		A064ABBB28D3ADA600572ADD /* PBXContainerItemProxy */ = {
			isa = PBXContainerItemProxy;
			containerPortal = A064ABA128D3ADA500572ADD /* Project object */;
			proxyType = 1;
			remoteGlobalIDString = A064ABA828D3ADA500572ADD;
			remoteInfo = Hax;
		};
		A064ABC528D3ADA600572ADD /* PBXContainerItemProxy */ = {
			isa = PBXContainerItemProxy;
			containerPortal = A064ABA128D3ADA500572ADD /* Project object */;
			proxyType = 1;
			remoteGlobalIDString = A064ABA828D3ADA500572ADD;
			remoteInfo = Hax;
		};
		A0AC53282CA1DC9A00872903 /* PBXContainerItemProxy */ = {
			isa = PBXContainerItemProxy;
			containerPortal = A064ABA128D3ADA500572ADD /* Project object */;
			proxyType = 1;
			remoteGlobalIDString = A0AC531C2CA1DC9900872903;
			remoteInfo = "HaxWatchApp Watch App";
		};
		A0D51B6F2BC6F66C001D8A78 /* PBXContainerItemProxy */ = {
			isa = PBXContainerItemProxy;
			containerPortal = A064ABA128D3ADA500572ADD /* Project object */;
			proxyType = 1;
			remoteGlobalIDString = A0D51B582BC6F66C001D8A78;
			remoteInfo = HaxSafariWebExtension;
		};
/* End PBXContainerItemProxy section */

/* Begin PBXCopyFilesBuildPhase section */
		A03FDF752AB74E5B00127AB6 /* Embed Foundation Extensions */ = {
			isa = PBXCopyFilesBuildPhase;
			buildActionMask = 2147483647;
			dstPath = "";
			dstSubfolderSpec = 13;
			files = (
				A03FDF742AB74E5B00127AB6 /* HaxWidgetExtension.appex in Embed Foundation Extensions */,
				A0D51B712BC6F66C001D8A78 /* HaxSafariWebExtension.appex in Embed Foundation Extensions */,
			);
			name = "Embed Foundation Extensions";
			runOnlyForDeploymentPostprocessing = 0;
		};
		A0AC532B2CA1DC9A00872903 /* Embed Watch Content */ = {
			isa = PBXCopyFilesBuildPhase;
			buildActionMask = 2147483647;
			dstPath = "$(CONTENTS_FOLDER_PATH)/Watch";
			dstSubfolderSpec = 16;
			files = (
				A0AC532A2CA1DC9A00872903 /* HaxWatch.app in Embed Watch Content */,
			);
			name = "Embed Watch Content";
			runOnlyForDeploymentPostprocessing = 0;
		};
/* End PBXCopyFilesBuildPhase section */

/* Begin PBXFileReference section */
		A03FDF642AB74E5A00127AB6 /* HaxWidgetExtension.appex */ = {isa = PBXFileReference; explicitFileType = "wrapper.app-extension"; includeInIndex = 0; path = HaxWidgetExtension.appex; sourceTree = BUILT_PRODUCTS_DIR; };
		A03FDF662AB74E5A00127AB6 /* WidgetKit.framework */ = {isa = PBXFileReference; lastKnownFileType = wrapper.framework; name = WidgetKit.framework; path = System/Library/Frameworks/WidgetKit.framework; sourceTree = SDKROOT; };
		A03FDF682AB74E5A00127AB6 /* SwiftUI.framework */ = {isa = PBXFileReference; lastKnownFileType = wrapper.framework; name = SwiftUI.framework; path = System/Library/Frameworks/SwiftUI.framework; sourceTree = SDKROOT; };
		A064ABA928D3ADA500572ADD /* Hax.app */ = {isa = PBXFileReference; explicitFileType = wrapper.application; includeInIndex = 0; path = Hax.app; sourceTree = BUILT_PRODUCTS_DIR; };
		A064ABBA28D3ADA600572ADD /* HaxTests.xctest */ = {isa = PBXFileReference; explicitFileType = wrapper.cfbundle; includeInIndex = 0; path = HaxTests.xctest; sourceTree = BUILT_PRODUCTS_DIR; };
		A064ABC428D3ADA600572ADD /* HaxUITests.xctest */ = {isa = PBXFileReference; explicitFileType = wrapper.cfbundle; includeInIndex = 0; path = HaxUITests.xctest; sourceTree = BUILT_PRODUCTS_DIR; };
		A0AC531D2CA1DC9900872903 /* HaxWatch.app */ = {isa = PBXFileReference; explicitFileType = wrapper.application; includeInIndex = 0; path = HaxWatch.app; sourceTree = BUILT_PRODUCTS_DIR; };
		A0BC91BD2BED1ECA00E4F4A7 /* Networking */ = {isa = PBXFileReference; lastKnownFileType = wrapper; path = Networking; sourceTree = "<group>"; };
		A0C7AB7B2C6D19B3003B130A /* StoreKit.framework */ = {isa = PBXFileReference; lastKnownFileType = wrapper.framework; name = StoreKit.framework; path = System/Library/Frameworks/StoreKit.framework; sourceTree = SDKROOT; };
		A0D51B592BC6F66C001D8A78 /* HaxSafariWebExtension.appex */ = {isa = PBXFileReference; explicitFileType = "wrapper.app-extension"; includeInIndex = 0; path = HaxSafariWebExtension.appex; sourceTree = BUILT_PRODUCTS_DIR; };
/* End PBXFileReference section */

/* Begin PBXFileSystemSynchronizedBuildFileExceptionSet section */
		A070467B2D5515C40007EA14 /* PBXFileSystemSynchronizedBuildFileExceptionSet */ = {
			isa = PBXFileSystemSynchronizedBuildFileExceptionSet;
			membershipExceptions = (
				Widgets/HaxWidgetControl/OpenFeedIntent.swift,
			);
			target = A064ABA828D3ADA500572ADD /* Hax */;
		};
		A070467C2D5515C40007EA14 /* PBXFileSystemSynchronizedBuildFileExceptionSet */ = {
			isa = PBXFileSystemSynchronizedBuildFileExceptionSet;
			membershipExceptions = (
				Resources/Info.plist,
			);
			target = A03FDF632AB74E5A00127AB6 /* HaxWidgetExtension */;
		};
		A07046AA2D5515C80007EA14 /* PBXFileSystemSynchronizedBuildFileExceptionSet */ = {
			isa = PBXFileSystemSynchronizedBuildFileExceptionSet;
			membershipExceptions = (
				Info.plist,
			);
			target = A0D51B582BC6F66C001D8A78 /* HaxSafariWebExtension */;
		};
		A070476F2D5515CB0007EA14 /* PBXFileSystemSynchronizedBuildFileExceptionSet */ = {
			isa = PBXFileSystemSynchronizedBuildFileExceptionSet;
			membershipExceptions = (
				Resources/Info.plist,
				Resources/SyncedProducts.storekit,
			);
			target = A064ABA828D3ADA500572ADD /* Hax */;
		};
		A07047702D5515CB0007EA14 /* PBXFileSystemSynchronizedBuildFileExceptionSet */ = {
			isa = PBXFileSystemSynchronizedBuildFileExceptionSet;
			membershipExceptions = (
				Data/Algolia/AlgoliaAPI.swift,
				Data/Algolia/AlgoliaItemDTO.swift,
				Data/Algolia/AlgoliaSearchResponseDTO.swift,
				Data/Algolia/AlgoliaSearchResultDTO.swift,
				Data/Firebase/FirebaseAPI.swift,
				Data/Firebase/FirebaseItemDTO.swift,
				Data/Firebase/FirebaseUserDTO.swift,
				Debug/LoggedRequests.swift,
				Debug/URLSessionDebug.swift,
				Domain/Delegates/HaxWCSessionDelegate.swift,
				Domain/Models/Comment.swift,
				Domain/Models/Constant.swift,
				Domain/Models/Feed.swift,
				Domain/Models/Filters/KeywordFilter.swift,
				Domain/Models/Filters/UserFilter.swift,
				Domain/Models/Item.swift,
				Domain/Models/User.swift,
				Domain/Services/FilterService.swift,
				Domain/Services/HackerNewsService.swift,
				Extensions/ArrayExtension.swift,
				Extensions/DateExtension.swift,
				Extensions/SequenceExtension.swift,
				Extensions/StringExtension.swift,
				Extensions/URLExtension.swift,
				"Presentation/Components/View Models/ItemRowViewModel.swift",
				Presentation/Components/Views/ErrorView.swift,
				Resources/Icons/Hax.icon,
				Resources/Icons/HaxDebug.icon,
				Resources/Localizable.xcstrings,
			);
			target = A0AC531C2CA1DC9900872903 /* HaxWatch */;
		};
		A07047712D5515CB0007EA14 /* PBXFileSystemSynchronizedBuildFileExceptionSet */ = {
			isa = PBXFileSystemSynchronizedBuildFileExceptionSet;
			membershipExceptions = (
				Data/Algolia/AlgoliaAPI.swift,
				Data/Algolia/AlgoliaItemDTO.swift,
				Data/Algolia/AlgoliaSearchResponseDTO.swift,
				Data/Algolia/AlgoliaSearchResultDTO.swift,
				Data/Firebase/FirebaseAPI.swift,
				Data/Firebase/FirebaseItemDTO.swift,
				Data/Firebase/FirebaseUserDTO.swift,
				Debug/LoggedRequests.swift,
				Debug/URLSessionDebug.swift,
				Domain/Models/Comment.swift,
				Domain/Models/Constant.swift,
				Domain/Models/Feed.swift,
				Domain/Models/Filters/KeywordFilter.swift,
				Domain/Models/Filters/UserFilter.swift,
				Domain/Models/Item.swift,
				Domain/Models/User.swift,
				Domain/Services/FilterService.swift,
				Domain/Services/HackerNewsService.swift,
				Extensions/ArrayExtension.swift,
				Extensions/DateExtension.swift,
				Extensions/SequenceExtension.swift,
				Extensions/StringExtension.swift,
				Extensions/URLExtension.swift,
				Extensions/UserDefaultsExtension.swift,
				Presentation/Components/Views/ErrorView.swift,
				Resources/Localizable.xcstrings,
			);
			target = A03FDF632AB74E5A00127AB6 /* HaxWidgetExtension */;
		};
/* End PBXFileSystemSynchronizedBuildFileExceptionSet section */

/* Begin PBXFileSystemSynchronizedRootGroup section */
		A07045EA2D55159B0007EA14 /* HaxUITests */ = {isa = PBXFileSystemSynchronizedRootGroup; explicitFileTypes = {}; explicitFolders = (); path = HaxUITests; sourceTree = "<group>"; };
		A070462C2D5515A30007EA14 /* HaxTests */ = {isa = PBXFileSystemSynchronizedRootGroup; explicitFileTypes = {}; explicitFolders = (); path = HaxTests; sourceTree = "<group>"; };
		A070466E2D5515C40007EA14 /* HaxWidget */ = {isa = PBXFileSystemSynchronizedRootGroup; exceptions = (A070467B2D5515C40007EA14 /* PBXFileSystemSynchronizedBuildFileExceptionSet */, A070467C2D5515C40007EA14 /* PBXFileSystemSynchronizedBuildFileExceptionSet */, ); explicitFileTypes = {}; explicitFolders = (); path = HaxWidget; sourceTree = "<group>"; };
		A070468D2D5515C60007EA14 /* HaxWatch */ = {isa = PBXFileSystemSynchronizedRootGroup; explicitFileTypes = {}; explicitFolders = (); path = HaxWatch; sourceTree = "<group>"; };
		A07046A02D5515C80007EA14 /* HaxSafariWebExtension */ = {isa = PBXFileSystemSynchronizedRootGroup; exceptions = (A07046AA2D5515C80007EA14 /* PBXFileSystemSynchronizedBuildFileExceptionSet */, ); explicitFileTypes = {}; explicitFolders = (Resources/_locales, Resources/images, ); path = HaxSafariWebExtension; sourceTree = "<group>"; };
		A07046FE2D5515CB0007EA14 /* Hax */ = {isa = PBXFileSystemSynchronizedRootGroup; exceptions = (A070476F2D5515CB0007EA14 /* PBXFileSystemSynchronizedBuildFileExceptionSet */, A07047702D5515CB0007EA14 /* PBXFileSystemSynchronizedBuildFileExceptionSet */, A07047712D5515CB0007EA14 /* PBXFileSystemSynchronizedBuildFileExceptionSet */, ); explicitFileTypes = {}; explicitFolders = (); path = Hax; sourceTree = "<group>"; };
/* End PBXFileSystemSynchronizedRootGroup section */

/* Begin PBXFrameworksBuildPhase section */
		A03FDF612AB74E5A00127AB6 /* Frameworks */ = {
			isa = PBXFrameworksBuildPhase;
			buildActionMask = 2147483647;
			files = (
				A0622B1D2BEE914900A7DD83 /* Networking in Frameworks */,
				A03FDF692AB74E5A00127AB6 /* SwiftUI.framework in Frameworks */,
				A03FDF672AB74E5A00127AB6 /* WidgetKit.framework in Frameworks */,
			);
			runOnlyForDeploymentPostprocessing = 0;
		};
		A064ABA628D3ADA500572ADD /* Frameworks */ = {
			isa = PBXFrameworksBuildPhase;
			buildActionMask = 2147483647;
			files = (
				A037DC0E2BED200E0050E794 /* Networking in Frameworks */,
				A0C7AB7C2C6D19B3003B130A /* StoreKit.framework in Frameworks */,
			);
			runOnlyForDeploymentPostprocessing = 0;
		};
		A064ABB728D3ADA600572ADD /* Frameworks */ = {
			isa = PBXFrameworksBuildPhase;
			buildActionMask = 2147483647;
			files = (
			);
			runOnlyForDeploymentPostprocessing = 0;
		};
		A064ABC128D3ADA600572ADD /* Frameworks */ = {
			isa = PBXFrameworksBuildPhase;
			buildActionMask = 2147483647;
			files = (
			);
			runOnlyForDeploymentPostprocessing = 0;
		};
		A0AC531A2CA1DC9900872903 /* Frameworks */ = {
			isa = PBXFrameworksBuildPhase;
			buildActionMask = 2147483647;
			files = (
				A0B11EB42CA30DD5009E3463 /* Networking in Frameworks */,
			);
			runOnlyForDeploymentPostprocessing = 0;
		};
		A0D51B562BC6F66C001D8A78 /* Frameworks */ = {
			isa = PBXFrameworksBuildPhase;
			buildActionMask = 2147483647;
			files = (
			);
			runOnlyForDeploymentPostprocessing = 0;
		};
/* End PBXFrameworksBuildPhase section */

/* Begin PBXGroup section */
		A03FDF652AB74E5A00127AB6 /* Frameworks */ = {
			isa = PBXGroup;
			children = (
				A0C7AB7B2C6D19B3003B130A /* StoreKit.framework */,
				A03FDF682AB74E5A00127AB6 /* SwiftUI.framework */,
				A03FDF662AB74E5A00127AB6 /* WidgetKit.framework */,
			);
			name = Frameworks;
			sourceTree = "<group>";
		};
		A064ABA028D3ADA500572ADD = {
			isa = PBXGroup;
			children = (
				A07046FE2D5515CB0007EA14 /* Hax */,
				A07046A02D5515C80007EA14 /* HaxSafariWebExtension */,
				A070468D2D5515C60007EA14 /* HaxWatch */,
				A070466E2D5515C40007EA14 /* HaxWidget */,
				A070462C2D5515A30007EA14 /* HaxTests */,
				A07045EA2D55159B0007EA14 /* HaxUITests */,
				A03FDF652AB74E5A00127AB6 /* Frameworks */,
				A0BC91BD2BED1ECA00E4F4A7 /* Networking */,
				A064ABAA28D3ADA500572ADD /* Products */,
			);
			sourceTree = "<group>";
		};
		A064ABAA28D3ADA500572ADD /* Products */ = {
			isa = PBXGroup;
			children = (
				A064ABA928D3ADA500572ADD /* Hax.app */,
				A064ABBA28D3ADA600572ADD /* HaxTests.xctest */,
				A064ABC428D3ADA600572ADD /* HaxUITests.xctest */,
				A03FDF642AB74E5A00127AB6 /* HaxWidgetExtension.appex */,
				A0D51B592BC6F66C001D8A78 /* HaxSafariWebExtension.appex */,
				A0AC531D2CA1DC9900872903 /* HaxWatch.app */,
			);
			name = Products;
			sourceTree = "<group>";
		};
/* End PBXGroup section */

/* Begin PBXNativeTarget section */
		A03FDF632AB74E5A00127AB6 /* HaxWidgetExtension */ = {
			isa = PBXNativeTarget;
			buildConfigurationList = A03FDF782AB74E5B00127AB6 /* Build configuration list for PBXNativeTarget "HaxWidgetExtension" */;
			buildPhases = (
				A03FDF602AB74E5A00127AB6 /* Sources */,
				A03FDF612AB74E5A00127AB6 /* Frameworks */,
				A03FDF622AB74E5A00127AB6 /* Resources */,
			);
			buildRules = (
			);
			dependencies = (
			);
			fileSystemSynchronizedGroups = (
				A070466E2D5515C40007EA14 /* HaxWidget */,
			);
			name = HaxWidgetExtension;
			packageProductDependencies = (
				A0622B1C2BEE914900A7DD83 /* Networking */,
			);
			productName = HaxWidgetExtension;
			productReference = A03FDF642AB74E5A00127AB6 /* HaxWidgetExtension.appex */;
			productType = "com.apple.product-type.app-extension";
		};
		A064ABA828D3ADA500572ADD /* Hax */ = {
			isa = PBXNativeTarget;
			buildConfigurationList = A064ABCE28D3ADA600572ADD /* Build configuration list for PBXNativeTarget "Hax" */;
			buildPhases = (
				A064ABA528D3ADA500572ADD /* Sources */,
				A064ABA628D3ADA500572ADD /* Frameworks */,
				A064ABA728D3ADA500572ADD /* Resources */,
				A008951329054FFA00D3F9DB /* Run SwiftLint */,
				A03FDF752AB74E5B00127AB6 /* Embed Foundation Extensions */,
				A0AC532B2CA1DC9A00872903 /* Embed Watch Content */,
			);
			buildRules = (
			);
			dependencies = (
				A03FDF732AB74E5B00127AB6 /* PBXTargetDependency */,
				A0D51B702BC6F66C001D8A78 /* PBXTargetDependency */,
				A0AC53292CA1DC9A00872903 /* PBXTargetDependency */,
			);
			fileSystemSynchronizedGroups = (
				A07046FE2D5515CB0007EA14 /* Hax */,
			);
			name = Hax;
			packageProductDependencies = (
				A037DC0D2BED200E0050E794 /* Networking */,
			);
			productName = Hax;
			productReference = A064ABA928D3ADA500572ADD /* Hax.app */;
			productType = "com.apple.product-type.application";
		};
		A064ABB928D3ADA600572ADD /* HaxTests */ = {
			isa = PBXNativeTarget;
			buildConfigurationList = A064ABD128D3ADA600572ADD /* Build configuration list for PBXNativeTarget "HaxTests" */;
			buildPhases = (
				A064ABB628D3ADA600572ADD /* Sources */,
				A064ABB728D3ADA600572ADD /* Frameworks */,
				A064ABB828D3ADA600572ADD /* Resources */,
			);
			buildRules = (
			);
			dependencies = (
				A064ABBC28D3ADA600572ADD /* PBXTargetDependency */,
			);
			fileSystemSynchronizedGroups = (
				A070462C2D5515A30007EA14 /* HaxTests */,
			);
			name = HaxTests;
			productName = HaxTests;
			productReference = A064ABBA28D3ADA600572ADD /* HaxTests.xctest */;
			productType = "com.apple.product-type.bundle.unit-test";
		};
		A064ABC328D3ADA600572ADD /* HaxUITests */ = {
			isa = PBXNativeTarget;
			buildConfigurationList = A064ABD428D3ADA600572ADD /* Build configuration list for PBXNativeTarget "HaxUITests" */;
			buildPhases = (
				A064ABC028D3ADA600572ADD /* Sources */,
				A064ABC128D3ADA600572ADD /* Frameworks */,
				A064ABC228D3ADA600572ADD /* Resources */,
			);
			buildRules = (
			);
			dependencies = (
				A064ABC628D3ADA600572ADD /* PBXTargetDependency */,
			);
			fileSystemSynchronizedGroups = (
				A07045EA2D55159B0007EA14 /* HaxUITests */,
			);
			name = HaxUITests;
			productName = HaxUITests;
			productReference = A064ABC428D3ADA600572ADD /* HaxUITests.xctest */;
			productType = "com.apple.product-type.bundle.ui-testing";
		};
		A0AC531C2CA1DC9900872903 /* HaxWatch */ = {
			isa = PBXNativeTarget;
			buildConfigurationList = A0AC532E2CA1DC9A00872903 /* Build configuration list for PBXNativeTarget "HaxWatch" */;
			buildPhases = (
				A0AC53192CA1DC9900872903 /* Sources */,
				A0AC531A2CA1DC9900872903 /* Frameworks */,
				A0AC531B2CA1DC9900872903 /* Resources */,
			);
			buildRules = (
			);
			dependencies = (
			);
			fileSystemSynchronizedGroups = (
				A070468D2D5515C60007EA14 /* HaxWatch */,
			);
			name = HaxWatch;
			packageProductDependencies = (
				A0B11EB32CA30DD5009E3463 /* Networking */,
			);
			productName = "HaxWatchApp Watch App";
			productReference = A0AC531D2CA1DC9900872903 /* HaxWatch.app */;
			productType = "com.apple.product-type.application";
		};
		A0D51B582BC6F66C001D8A78 /* HaxSafariWebExtension */ = {
			isa = PBXNativeTarget;
			buildConfigurationList = A0D51B742BC6F66C001D8A78 /* Build configuration list for PBXNativeTarget "HaxSafariWebExtension" */;
			buildPhases = (
				A0D51B552BC6F66C001D8A78 /* Sources */,
				A0D51B562BC6F66C001D8A78 /* Frameworks */,
				A0D51B572BC6F66C001D8A78 /* Resources */,
			);
			buildRules = (
			);
			dependencies = (
			);
			fileSystemSynchronizedGroups = (
				A07046A02D5515C80007EA14 /* HaxSafariWebExtension */,
			);
			name = HaxSafariWebExtension;
			productName = HaxSafariWebExtension;
			productReference = A0D51B592BC6F66C001D8A78 /* HaxSafariWebExtension.appex */;
			productType = "com.apple.product-type.app-extension";
		};
/* End PBXNativeTarget section */

/* Begin PBXProject section */
		A064ABA128D3ADA500572ADD /* Project object */ = {
			isa = PBXProject;
			attributes = {
				BuildIndependentTargetsInParallel = 1;
				LastSwiftUpdateCheck = 1600;
				LastUpgradeCheck = 1620;
				TargetAttributes = {
					A03FDF632AB74E5A00127AB6 = {
						CreatedOnToolsVersion = 14.3.1;
					};
					A064ABA828D3ADA500572ADD = {
						CreatedOnToolsVersion = 14.0;
					};
					A064ABB928D3ADA600572ADD = {
						CreatedOnToolsVersion = 14.0;
						TestTargetID = A064ABA828D3ADA500572ADD;
					};
					A064ABC328D3ADA600572ADD = {
						CreatedOnToolsVersion = 14.0;
						TestTargetID = A064ABA828D3ADA500572ADD;
					};
					A0AC531C2CA1DC9900872903 = {
						CreatedOnToolsVersion = 16.0;
					};
					A0D51B582BC6F66C001D8A78 = {
						CreatedOnToolsVersion = 15.2;
					};
				};
			};
			buildConfigurationList = A064ABA428D3ADA500572ADD /* Build configuration list for PBXProject "Hax" */;
			compatibilityVersion = "Xcode 14.0";
			developmentRegion = en;
			hasScannedForEncodings = 0;
			knownRegions = (
				en,
				Base,
				es,
			);
			mainGroup = A064ABA028D3ADA500572ADD;
			productRefGroup = A064ABAA28D3ADA500572ADD /* Products */;
			projectDirPath = "";
			projectRoot = "";
			targets = (
				A064ABA828D3ADA500572ADD /* Hax */,
				A0D51B582BC6F66C001D8A78 /* HaxSafariWebExtension */,
				A0AC531C2CA1DC9900872903 /* HaxWatch */,
				A03FDF632AB74E5A00127AB6 /* HaxWidgetExtension */,
				A064ABB928D3ADA600572ADD /* HaxTests */,
				A064ABC328D3ADA600572ADD /* HaxUITests */,
			);
		};
/* End PBXProject section */

/* Begin PBXResourcesBuildPhase section */
		A03FDF622AB74E5A00127AB6 /* Resources */ = {
			isa = PBXResourcesBuildPhase;
			buildActionMask = 2147483647;
			files = (
			);
			runOnlyForDeploymentPostprocessing = 0;
		};
		A064ABA728D3ADA500572ADD /* Resources */ = {
			isa = PBXResourcesBuildPhase;
			buildActionMask = 2147483647;
			files = (
			);
			runOnlyForDeploymentPostprocessing = 0;
		};
		A064ABB828D3ADA600572ADD /* Resources */ = {
			isa = PBXResourcesBuildPhase;
			buildActionMask = 2147483647;
			files = (
			);
			runOnlyForDeploymentPostprocessing = 0;
		};
		A064ABC228D3ADA600572ADD /* Resources */ = {
			isa = PBXResourcesBuildPhase;
			buildActionMask = 2147483647;
			files = (
			);
			runOnlyForDeploymentPostprocessing = 0;
		};
		A0AC531B2CA1DC9900872903 /* Resources */ = {
			isa = PBXResourcesBuildPhase;
			buildActionMask = 2147483647;
			files = (
			);
			runOnlyForDeploymentPostprocessing = 0;
		};
		A0D51B572BC6F66C001D8A78 /* Resources */ = {
			isa = PBXResourcesBuildPhase;
			buildActionMask = 2147483647;
			files = (
			);
			runOnlyForDeploymentPostprocessing = 0;
		};
/* End PBXResourcesBuildPhase section */

/* Begin PBXShellScriptBuildPhase section */
		A008951329054FFA00D3F9DB /* Run SwiftLint */ = {
			isa = PBXShellScriptBuildPhase;
			alwaysOutOfDate = 1;
			buildActionMask = 2147483647;
			files = (
			);
			inputFileListPaths = (
			);
			inputPaths = (
			);
			name = "Run SwiftLint";
			outputFileListPaths = (
			);
			outputPaths = (
			);
			runOnlyForDeploymentPostprocessing = 0;
			shellPath = /bin/sh;
			shellScript = "export PATH=\"$PATH:/opt/homebrew/bin\"\nif which swiftlint > /dev/null; then\n  swiftlint\nelse\n  echo \"warning: SwiftLint not installed, download from https://github.com/realm/SwiftLint\"\nfi\n";
		};
/* End PBXShellScriptBuildPhase section */

/* Begin PBXSourcesBuildPhase section */
		A03FDF602AB74E5A00127AB6 /* Sources */ = {
			isa = PBXSourcesBuildPhase;
			buildActionMask = 2147483647;
			files = (
			);
			runOnlyForDeploymentPostprocessing = 0;
		};
		A064ABA528D3ADA500572ADD /* Sources */ = {
			isa = PBXSourcesBuildPhase;
			buildActionMask = 2147483647;
			files = (
			);
			runOnlyForDeploymentPostprocessing = 0;
		};
		A064ABB628D3ADA600572ADD /* Sources */ = {
			isa = PBXSourcesBuildPhase;
			buildActionMask = 2147483647;
			files = (
			);
			runOnlyForDeploymentPostprocessing = 0;
		};
		A064ABC028D3ADA600572ADD /* Sources */ = {
			isa = PBXSourcesBuildPhase;
			buildActionMask = 2147483647;
			files = (
			);
			runOnlyForDeploymentPostprocessing = 0;
		};
		A0AC53192CA1DC9900872903 /* Sources */ = {
			isa = PBXSourcesBuildPhase;
			buildActionMask = 2147483647;
			files = (
			);
			runOnlyForDeploymentPostprocessing = 0;
		};
		A0D51B552BC6F66C001D8A78 /* Sources */ = {
			isa = PBXSourcesBuildPhase;
			buildActionMask = 2147483647;
			files = (
			);
			runOnlyForDeploymentPostprocessing = 0;
		};
/* End PBXSourcesBuildPhase section */

/* Begin PBXTargetDependency section */
		A03FDF732AB74E5B00127AB6 /* PBXTargetDependency */ = {
			isa = PBXTargetDependency;
			target = A03FDF632AB74E5A00127AB6 /* HaxWidgetExtension */;
			targetProxy = A03FDF722AB74E5B00127AB6 /* PBXContainerItemProxy */;
		};
		A064ABBC28D3ADA600572ADD /* PBXTargetDependency */ = {
			isa = PBXTargetDependency;
			target = A064ABA828D3ADA500572ADD /* Hax */;
			targetProxy = A064ABBB28D3ADA600572ADD /* PBXContainerItemProxy */;
		};
		A064ABC628D3ADA600572ADD /* PBXTargetDependency */ = {
			isa = PBXTargetDependency;
			target = A064ABA828D3ADA500572ADD /* Hax */;
			targetProxy = A064ABC528D3ADA600572ADD /* PBXContainerItemProxy */;
		};
		A0AC53292CA1DC9A00872903 /* PBXTargetDependency */ = {
			isa = PBXTargetDependency;
			target = A0AC531C2CA1DC9900872903 /* HaxWatch */;
			targetProxy = A0AC53282CA1DC9A00872903 /* PBXContainerItemProxy */;
		};
		A0D51B702BC6F66C001D8A78 /* PBXTargetDependency */ = {
			isa = PBXTargetDependency;
			target = A0D51B582BC6F66C001D8A78 /* HaxSafariWebExtension */;
			targetProxy = A0D51B6F2BC6F66C001D8A78 /* PBXContainerItemProxy */;
		};
/* End PBXTargetDependency section */

/* Begin XCBuildConfiguration section */
		A03FDF762AB74E5B00127AB6 /* Debug */ = {
			isa = XCBuildConfiguration;
			buildSettings = {
				ASSETCATALOG_COMPILER_GLOBAL_ACCENT_COLOR_NAME = AccentColor;
				ASSETCATALOG_COMPILER_WIDGET_BACKGROUND_COLOR_NAME = WidgetBackground;
				CODE_SIGN_ENTITLEMENTS = HaxWidget/Resources/HaxWidgetExtension.entitlements;
				CODE_SIGN_STYLE = Automatic;
				CURRENT_PROJECT_VERSION = 9;
				DEVELOPMENT_TEAM = B2NJF5A6ZC;
				GENERATE_INFOPLIST_FILE = YES;
				INFOPLIST_FILE = HaxWidget/Resources/Info.plist;
				INFOPLIST_KEY_CFBundleDisplayName = HaxWidget;
				INFOPLIST_KEY_NSHumanReadableCopyright = "";
				IPHONEOS_DEPLOYMENT_TARGET = 17.5;
				LD_RUNPATH_SEARCH_PATHS = (
					"$(inherited)",
					"@executable_path/Frameworks",
					"@executable_path/../../Frameworks",
				);
				MARKETING_VERSION = 2.2.0;
				PRODUCT_BUNDLE_IDENTIFIER = com.luisfl.Hax.debug.HaxWidget;
				PRODUCT_NAME = "$(TARGET_NAME)";
				SDKROOT = iphoneos;
				SKIP_INSTALL = YES;
				SUPPORTED_PLATFORMS = "iphoneos iphonesimulator";
				SUPPORTS_MACCATALYST = NO;
				SUPPORTS_MAC_DESIGNED_FOR_IPHONE_IPAD = NO;
				SUPPORTS_XR_DESIGNED_FOR_IPHONE_IPAD = NO;
				SWIFT_EMIT_LOC_STRINGS = YES;
				SWIFT_VERSION = 6.0;
				TARGETED_DEVICE_FAMILY = 1;
			};
			name = Debug;
		};
		A03FDF772AB74E5B00127AB6 /* Release */ = {
			isa = XCBuildConfiguration;
			buildSettings = {
				ASSETCATALOG_COMPILER_GLOBAL_ACCENT_COLOR_NAME = AccentColor;
				ASSETCATALOG_COMPILER_WIDGET_BACKGROUND_COLOR_NAME = WidgetBackground;
				CODE_SIGN_ENTITLEMENTS = HaxWidget/Resources/HaxWidgetExtension.entitlements;
				CODE_SIGN_STYLE = Automatic;
				CURRENT_PROJECT_VERSION = 9;
				DEVELOPMENT_TEAM = B2NJF5A6ZC;
				GENERATE_INFOPLIST_FILE = YES;
				INFOPLIST_FILE = HaxWidget/Resources/Info.plist;
				INFOPLIST_KEY_CFBundleDisplayName = HaxWidget;
				INFOPLIST_KEY_NSHumanReadableCopyright = "";
				IPHONEOS_DEPLOYMENT_TARGET = 17.5;
				LD_RUNPATH_SEARCH_PATHS = (
					"$(inherited)",
					"@executable_path/Frameworks",
					"@executable_path/../../Frameworks",
				);
				MARKETING_VERSION = 2.2.0;
				PRODUCT_BUNDLE_IDENTIFIER = com.luisfl.Hax.HaxWidget;
				PRODUCT_NAME = "$(TARGET_NAME)";
				SDKROOT = iphoneos;
				SKIP_INSTALL = YES;
				SUPPORTED_PLATFORMS = "iphoneos iphonesimulator";
				SUPPORTS_MACCATALYST = NO;
				SUPPORTS_MAC_DESIGNED_FOR_IPHONE_IPAD = NO;
				SUPPORTS_XR_DESIGNED_FOR_IPHONE_IPAD = NO;
				SWIFT_EMIT_LOC_STRINGS = YES;
				SWIFT_VERSION = 6.0;
				TARGETED_DEVICE_FAMILY = 1;
				VALIDATE_PRODUCT = YES;
			};
			name = Release;
		};
		A064ABCC28D3ADA600572ADD /* Debug */ = {
			isa = XCBuildConfiguration;
			buildSettings = {
				ALWAYS_SEARCH_USER_PATHS = NO;
				CLANG_ANALYZER_LOCALIZABILITY_NONLOCALIZED = YES;
				CLANG_ANALYZER_NONNULL = YES;
				CLANG_ANALYZER_NUMBER_OBJECT_CONVERSION = YES_AGGRESSIVE;
				CLANG_CXX_LANGUAGE_STANDARD = "gnu++20";
				CLANG_ENABLE_MODULES = YES;
				CLANG_ENABLE_OBJC_ARC = YES;
				CLANG_ENABLE_OBJC_WEAK = YES;
				CLANG_WARN_BLOCK_CAPTURE_AUTORELEASING = YES;
				CLANG_WARN_BOOL_CONVERSION = YES;
				CLANG_WARN_COMMA = YES;
				CLANG_WARN_CONSTANT_CONVERSION = YES;
				CLANG_WARN_DEPRECATED_OBJC_IMPLEMENTATIONS = YES;
				CLANG_WARN_DIRECT_OBJC_ISA_USAGE = YES_ERROR;
				CLANG_WARN_DOCUMENTATION_COMMENTS = YES;
				CLANG_WARN_EMPTY_BODY = YES;
				CLANG_WARN_ENUM_CONVERSION = YES;
				CLANG_WARN_INFINITE_RECURSION = YES;
				CLANG_WARN_INT_CONVERSION = YES;
				CLANG_WARN_NON_LITERAL_NULL_CONVERSION = YES;
				CLANG_WARN_OBJC_IMPLICIT_RETAIN_SELF = YES;
				CLANG_WARN_OBJC_LITERAL_CONVERSION = YES;
				CLANG_WARN_OBJC_ROOT_CLASS = YES_ERROR;
				CLANG_WARN_QUOTED_INCLUDE_IN_FRAMEWORK_HEADER = YES;
				CLANG_WARN_RANGE_LOOP_ANALYSIS = YES;
				CLANG_WARN_STRICT_PROTOTYPES = YES;
				CLANG_WARN_SUSPICIOUS_MOVE = YES;
				CLANG_WARN_UNGUARDED_AVAILABILITY = YES_AGGRESSIVE;
				CLANG_WARN_UNREACHABLE_CODE = YES;
				CLANG_WARN__DUPLICATE_METHOD_MATCH = YES;
				COPY_PHASE_STRIP = NO;
				DEAD_CODE_STRIPPING = YES;
				DEBUG_INFORMATION_FORMAT = dwarf;
				ENABLE_STRICT_OBJC_MSGSEND = YES;
				ENABLE_TESTABILITY = YES;
				ENABLE_USER_SCRIPT_SANDBOXING = YES;
				GCC_C_LANGUAGE_STANDARD = gnu11;
				GCC_DYNAMIC_NO_PIC = NO;
				GCC_NO_COMMON_BLOCKS = YES;
				GCC_OPTIMIZATION_LEVEL = 0;
				GCC_PREPROCESSOR_DEFINITIONS = (
					"DEBUG=1",
					"$(inherited)",
				);
				GCC_WARN_64_TO_32_BIT_CONVERSION = YES;
				GCC_WARN_ABOUT_RETURN_TYPE = YES_ERROR;
				GCC_WARN_UNDECLARED_SELECTOR = YES;
				GCC_WARN_UNINITIALIZED_AUTOS = YES_AGGRESSIVE;
				GCC_WARN_UNUSED_FUNCTION = YES;
				GCC_WARN_UNUSED_VARIABLE = YES;
				MTL_ENABLE_DEBUG_INFO = INCLUDE_SOURCE;
				MTL_FAST_MATH = YES;
				ONLY_ACTIVE_ARCH = YES;
				SWIFT_ACTIVE_COMPILATION_CONDITIONS = DEBUG;
				SWIFT_OPTIMIZATION_LEVEL = "-Onone";
			};
			name = Debug;
		};
		A064ABCD28D3ADA600572ADD /* Release */ = {
			isa = XCBuildConfiguration;
			buildSettings = {
				ALWAYS_SEARCH_USER_PATHS = NO;
				CLANG_ANALYZER_LOCALIZABILITY_NONLOCALIZED = YES;
				CLANG_ANALYZER_NONNULL = YES;
				CLANG_ANALYZER_NUMBER_OBJECT_CONVERSION = YES_AGGRESSIVE;
				CLANG_CXX_LANGUAGE_STANDARD = "gnu++20";
				CLANG_ENABLE_MODULES = YES;
				CLANG_ENABLE_OBJC_ARC = YES;
				CLANG_ENABLE_OBJC_WEAK = YES;
				CLANG_WARN_BLOCK_CAPTURE_AUTORELEASING = YES;
				CLANG_WARN_BOOL_CONVERSION = YES;
				CLANG_WARN_COMMA = YES;
				CLANG_WARN_CONSTANT_CONVERSION = YES;
				CLANG_WARN_DEPRECATED_OBJC_IMPLEMENTATIONS = YES;
				CLANG_WARN_DIRECT_OBJC_ISA_USAGE = YES_ERROR;
				CLANG_WARN_DOCUMENTATION_COMMENTS = YES;
				CLANG_WARN_EMPTY_BODY = YES;
				CLANG_WARN_ENUM_CONVERSION = YES;
				CLANG_WARN_INFINITE_RECURSION = YES;
				CLANG_WARN_INT_CONVERSION = YES;
				CLANG_WARN_NON_LITERAL_NULL_CONVERSION = YES;
				CLANG_WARN_OBJC_IMPLICIT_RETAIN_SELF = YES;
				CLANG_WARN_OBJC_LITERAL_CONVERSION = YES;
				CLANG_WARN_OBJC_ROOT_CLASS = YES_ERROR;
				CLANG_WARN_QUOTED_INCLUDE_IN_FRAMEWORK_HEADER = YES;
				CLANG_WARN_RANGE_LOOP_ANALYSIS = YES;
				CLANG_WARN_STRICT_PROTOTYPES = YES;
				CLANG_WARN_SUSPICIOUS_MOVE = YES;
				CLANG_WARN_UNGUARDED_AVAILABILITY = YES_AGGRESSIVE;
				CLANG_WARN_UNREACHABLE_CODE = YES;
				CLANG_WARN__DUPLICATE_METHOD_MATCH = YES;
				COPY_PHASE_STRIP = NO;
				DEAD_CODE_STRIPPING = YES;
				DEBUG_INFORMATION_FORMAT = "dwarf-with-dsym";
				ENABLE_NS_ASSERTIONS = NO;
				ENABLE_STRICT_OBJC_MSGSEND = YES;
				ENABLE_USER_SCRIPT_SANDBOXING = YES;
				GCC_C_LANGUAGE_STANDARD = gnu11;
				GCC_NO_COMMON_BLOCKS = YES;
				GCC_WARN_64_TO_32_BIT_CONVERSION = YES;
				GCC_WARN_ABOUT_RETURN_TYPE = YES_ERROR;
				GCC_WARN_UNDECLARED_SELECTOR = YES;
				GCC_WARN_UNINITIALIZED_AUTOS = YES_AGGRESSIVE;
				GCC_WARN_UNUSED_FUNCTION = YES;
				GCC_WARN_UNUSED_VARIABLE = YES;
				MTL_ENABLE_DEBUG_INFO = NO;
				MTL_FAST_MATH = YES;
				SWIFT_COMPILATION_MODE = wholemodule;
				SWIFT_OPTIMIZATION_LEVEL = "-O";
			};
			name = Release;
		};
		A064ABCF28D3ADA600572ADD /* Debug */ = {
			isa = XCBuildConfiguration;
			buildSettings = {
				ASSETCATALOG_COMPILER_APPICON_NAME = HaxDebug;
				ASSETCATALOG_COMPILER_GLOBAL_ACCENT_COLOR_NAME = AccentColor;
				CODE_SIGN_ENTITLEMENTS = Hax/Resources/Hax.entitlements;
				CODE_SIGN_STYLE = Automatic;
				CURRENT_PROJECT_VERSION = 9;
				DEAD_CODE_STRIPPING = YES;
				DEVELOPMENT_ASSET_PATHS = "\"Hax/Resources/Preview Content\"";
				DEVELOPMENT_TEAM = B2NJF5A6ZC;
				ENABLE_HARDENED_RUNTIME = YES;
				ENABLE_PREVIEWS = YES;
				ENABLE_USER_SCRIPT_SANDBOXING = NO;
				GENERATE_INFOPLIST_FILE = YES;
				INFOPLIST_FILE = Hax/Resources/Info.plist;
				"INFOPLIST_KEY_UIApplicationSceneManifest_Generation[sdk=iphoneos*]" = YES;
				"INFOPLIST_KEY_UIApplicationSceneManifest_Generation[sdk=iphonesimulator*]" = YES;
				"INFOPLIST_KEY_UIApplicationSupportsIndirectInputEvents[sdk=iphoneos*]" = YES;
				"INFOPLIST_KEY_UIApplicationSupportsIndirectInputEvents[sdk=iphonesimulator*]" = YES;
				"INFOPLIST_KEY_UILaunchScreen_Generation[sdk=iphoneos*]" = YES;
				"INFOPLIST_KEY_UILaunchScreen_Generation[sdk=iphonesimulator*]" = YES;
				"INFOPLIST_KEY_UIStatusBarStyle[sdk=iphoneos*]" = UIStatusBarStyleDefault;
				"INFOPLIST_KEY_UIStatusBarStyle[sdk=iphonesimulator*]" = UIStatusBarStyleDefault;
				INFOPLIST_KEY_UISupportedInterfaceOrientations = UIInterfaceOrientationPortrait;
				INFOPLIST_KEY_UISupportedInterfaceOrientations_iPad = "UIInterfaceOrientationLandscapeLeft UIInterfaceOrientationLandscapeRight UIInterfaceOrientationPortrait UIInterfaceOrientationPortraitUpsideDown";
				IPHONEOS_DEPLOYMENT_TARGET = 17.5;
				LD_RUNPATH_SEARCH_PATHS = "@executable_path/Frameworks";
				"LD_RUNPATH_SEARCH_PATHS[sdk=macosx*]" = "@executable_path/../Frameworks";
				MACOSX_DEPLOYMENT_TARGET = 12.3;
				MARKETING_VERSION = 2.2.0;
				PRODUCT_BUNDLE_IDENTIFIER = com.luisfl.Hax.debug;
				PRODUCT_NAME = "$(TARGET_NAME)";
				SDKROOT = auto;
				SUPPORTED_PLATFORMS = "iphoneos iphonesimulator";
				SUPPORTS_MACCATALYST = NO;
				SUPPORTS_MAC_DESIGNED_FOR_IPHONE_IPAD = NO;
				SWIFT_EMIT_LOC_STRINGS = YES;
				SWIFT_STRICT_CONCURRENCY = complete;
				SWIFT_VERSION = 6.0;
				TARGETED_DEVICE_FAMILY = "1,2";
			};
			name = Debug;
		};
		A064ABD028D3ADA600572ADD /* Release */ = {
			isa = XCBuildConfiguration;
			buildSettings = {
				ASSETCATALOG_COMPILER_APPICON_NAME = Hax;
				ASSETCATALOG_COMPILER_GLOBAL_ACCENT_COLOR_NAME = AccentColor;
				CODE_SIGN_ENTITLEMENTS = Hax/Resources/Hax.entitlements;
				CODE_SIGN_STYLE = Automatic;
				CURRENT_PROJECT_VERSION = 9;
				DEAD_CODE_STRIPPING = YES;
				DEVELOPMENT_ASSET_PATHS = "\"Hax/Resources/Preview Content\"";
				DEVELOPMENT_TEAM = B2NJF5A6ZC;
				ENABLE_HARDENED_RUNTIME = YES;
				ENABLE_PREVIEWS = YES;
				ENABLE_USER_SCRIPT_SANDBOXING = NO;
				GENERATE_INFOPLIST_FILE = YES;
				INFOPLIST_FILE = Hax/Resources/Info.plist;
				"INFOPLIST_KEY_UIApplicationSceneManifest_Generation[sdk=iphoneos*]" = YES;
				"INFOPLIST_KEY_UIApplicationSceneManifest_Generation[sdk=iphonesimulator*]" = YES;
				"INFOPLIST_KEY_UIApplicationSupportsIndirectInputEvents[sdk=iphoneos*]" = YES;
				"INFOPLIST_KEY_UIApplicationSupportsIndirectInputEvents[sdk=iphonesimulator*]" = YES;
				"INFOPLIST_KEY_UILaunchScreen_Generation[sdk=iphoneos*]" = YES;
				"INFOPLIST_KEY_UILaunchScreen_Generation[sdk=iphonesimulator*]" = YES;
				"INFOPLIST_KEY_UIStatusBarStyle[sdk=iphoneos*]" = UIStatusBarStyleDefault;
				"INFOPLIST_KEY_UIStatusBarStyle[sdk=iphonesimulator*]" = UIStatusBarStyleDefault;
				INFOPLIST_KEY_UISupportedInterfaceOrientations = UIInterfaceOrientationPortrait;
				INFOPLIST_KEY_UISupportedInterfaceOrientations_iPad = "UIInterfaceOrientationLandscapeLeft UIInterfaceOrientationLandscapeRight UIInterfaceOrientationPortrait UIInterfaceOrientationPortraitUpsideDown";
				IPHONEOS_DEPLOYMENT_TARGET = 17.5;
				LD_RUNPATH_SEARCH_PATHS = "@executable_path/Frameworks";
				"LD_RUNPATH_SEARCH_PATHS[sdk=macosx*]" = "@executable_path/../Frameworks";
				MACOSX_DEPLOYMENT_TARGET = 12.3;
				MARKETING_VERSION = 2.2.0;
				PRODUCT_BUNDLE_IDENTIFIER = com.luisfl.Hax;
				PRODUCT_NAME = "$(TARGET_NAME)";
				SDKROOT = auto;
				SUPPORTED_PLATFORMS = "iphoneos iphonesimulator";
				SUPPORTS_MACCATALYST = NO;
				SUPPORTS_MAC_DESIGNED_FOR_IPHONE_IPAD = NO;
				SWIFT_EMIT_LOC_STRINGS = YES;
				SWIFT_STRICT_CONCURRENCY = complete;
				SWIFT_VERSION = 6.0;
				TARGETED_DEVICE_FAMILY = "1,2";
			};
			name = Release;
		};
		A064ABD228D3ADA600572ADD /* Debug */ = {
			isa = XCBuildConfiguration;
			buildSettings = {
				BUNDLE_LOADER = "$(TEST_HOST)";
				CODE_SIGN_STYLE = Automatic;
				CURRENT_PROJECT_VERSION = 1;
				DEAD_CODE_STRIPPING = YES;
				DEVELOPMENT_TEAM = B2NJF5A6ZC;
				GENERATE_INFOPLIST_FILE = YES;
				IPHONEOS_DEPLOYMENT_TARGET = 17.5;
				MACOSX_DEPLOYMENT_TARGET = 12.3;
				MARKETING_VERSION = 1.0;
				PRODUCT_BUNDLE_IDENTIFIER = com.luisfl.HaxTests;
				PRODUCT_NAME = "$(TARGET_NAME)";
				SDKROOT = auto;
				SUPPORTED_PLATFORMS = "iphoneos iphonesimulator";
				SUPPORTS_MACCATALYST = NO;
				SUPPORTS_MAC_DESIGNED_FOR_IPHONE_IPAD = NO;
				SWIFT_EMIT_LOC_STRINGS = NO;
				SWIFT_VERSION = 6.0;
				TARGETED_DEVICE_FAMILY = 1;
				TEST_HOST = "$(BUILT_PRODUCTS_DIR)/Hax.app/$(BUNDLE_EXECUTABLE_FOLDER_PATH)/Hax";
			};
			name = Debug;
		};
		A064ABD328D3ADA600572ADD /* Release */ = {
			isa = XCBuildConfiguration;
			buildSettings = {
				BUNDLE_LOADER = "$(TEST_HOST)";
				CODE_SIGN_STYLE = Automatic;
				CURRENT_PROJECT_VERSION = 1;
				DEAD_CODE_STRIPPING = YES;
				DEVELOPMENT_TEAM = B2NJF5A6ZC;
				GENERATE_INFOPLIST_FILE = YES;
				IPHONEOS_DEPLOYMENT_TARGET = 17.5;
				MACOSX_DEPLOYMENT_TARGET = 12.3;
				MARKETING_VERSION = 1.0;
				PRODUCT_BUNDLE_IDENTIFIER = com.luisfl.HaxTests;
				PRODUCT_NAME = "$(TARGET_NAME)";
				SDKROOT = auto;
				SUPPORTED_PLATFORMS = "iphoneos iphonesimulator";
				SUPPORTS_MACCATALYST = NO;
				SUPPORTS_MAC_DESIGNED_FOR_IPHONE_IPAD = NO;
				SWIFT_EMIT_LOC_STRINGS = NO;
				SWIFT_VERSION = 6.0;
				TARGETED_DEVICE_FAMILY = 1;
				TEST_HOST = "$(BUILT_PRODUCTS_DIR)/Hax.app/$(BUNDLE_EXECUTABLE_FOLDER_PATH)/Hax";
			};
			name = Release;
		};
		A064ABD528D3ADA600572ADD /* Debug */ = {
			isa = XCBuildConfiguration;
			buildSettings = {
				CODE_SIGN_STYLE = Automatic;
				CURRENT_PROJECT_VERSION = 1;
				DEAD_CODE_STRIPPING = YES;
				DEVELOPMENT_TEAM = B2NJF5A6ZC;
				GENERATE_INFOPLIST_FILE = YES;
				IPHONEOS_DEPLOYMENT_TARGET = 17.5;
				MACOSX_DEPLOYMENT_TARGET = 12.3;
				MARKETING_VERSION = 1.0;
				PRODUCT_BUNDLE_IDENTIFIER = com.luisfl.HaxUITests;
				PRODUCT_NAME = "$(TARGET_NAME)";
				SDKROOT = auto;
				SUPPORTED_PLATFORMS = "iphoneos iphonesimulator";
				SUPPORTS_MACCATALYST = NO;
				SUPPORTS_MAC_DESIGNED_FOR_IPHONE_IPAD = NO;
				SWIFT_EMIT_LOC_STRINGS = NO;
				SWIFT_VERSION = 6.0;
				TARGETED_DEVICE_FAMILY = 1;
				TEST_TARGET_NAME = Hax;
			};
			name = Debug;
		};
		A064ABD628D3ADA600572ADD /* Release */ = {
			isa = XCBuildConfiguration;
			buildSettings = {
				CODE_SIGN_STYLE = Automatic;
				CURRENT_PROJECT_VERSION = 1;
				DEAD_CODE_STRIPPING = YES;
				DEVELOPMENT_TEAM = B2NJF5A6ZC;
				GENERATE_INFOPLIST_FILE = YES;
				IPHONEOS_DEPLOYMENT_TARGET = 17.5;
				MACOSX_DEPLOYMENT_TARGET = 12.3;
				MARKETING_VERSION = 1.0;
				PRODUCT_BUNDLE_IDENTIFIER = com.luisfl.HaxUITests;
				PRODUCT_NAME = "$(TARGET_NAME)";
				SDKROOT = auto;
				SUPPORTED_PLATFORMS = "iphoneos iphonesimulator";
				SUPPORTS_MACCATALYST = NO;
				SUPPORTS_MAC_DESIGNED_FOR_IPHONE_IPAD = NO;
				SWIFT_EMIT_LOC_STRINGS = NO;
				SWIFT_VERSION = 6.0;
				TARGETED_DEVICE_FAMILY = 1;
				TEST_TARGET_NAME = Hax;
			};
			name = Release;
		};
		A0AC532C2CA1DC9A00872903 /* Debug */ = {
			isa = XCBuildConfiguration;
			buildSettings = {
				ASSETCATALOG_COMPILER_APPICON_NAME = HaxDebug;
				ASSETCATALOG_COMPILER_GENERATE_SWIFT_ASSET_SYMBOL_EXTENSIONS = YES;
				ASSETCATALOG_COMPILER_GLOBAL_ACCENT_COLOR_NAME = AccentColor;
				CODE_SIGN_ENTITLEMENTS = HaxWatch/Resources/HaxWatch.entitlements;
				CODE_SIGN_STYLE = Automatic;
				CURRENT_PROJECT_VERSION = 9;
				DEVELOPMENT_ASSET_PATHS = "\"HaxWatch/Resources/Preview Content\"";
				DEVELOPMENT_TEAM = B2NJF5A6ZC;
				ENABLE_PREVIEWS = YES;
				GCC_C_LANGUAGE_STANDARD = gnu17;
				GENERATE_INFOPLIST_FILE = YES;
				INFOPLIST_KEY_CFBundleDisplayName = Hax;
				INFOPLIST_KEY_UISupportedInterfaceOrientations = "UIInterfaceOrientationPortrait UIInterfaceOrientationPortraitUpsideDown";
				INFOPLIST_KEY_WKCompanionAppBundleIdentifier = "$(WK_COMPANION_APP_BUNDLE_IDENTIFIER)";
				INFOPLIST_KEY_WKRunsIndependentlyOfCompanionApp = NO;
				LD_RUNPATH_SEARCH_PATHS = (
					"$(inherited)",
					"@executable_path/Frameworks",
				);
				LOCALIZATION_PREFERS_STRING_CATALOGS = YES;
				MARKETING_VERSION = 2.2.0;
				PRODUCT_BUNDLE_IDENTIFIER = com.luisfl.Hax.debug.HaxWatch;
				PRODUCT_NAME = "$(TARGET_NAME)";
				SDKROOT = watchos;
				SKIP_INSTALL = YES;
				SWIFT_ACTIVE_COMPILATION_CONDITIONS = "DEBUG $(inherited)";
				SWIFT_EMIT_LOC_STRINGS = YES;
				SWIFT_VERSION = 6.0;
				TARGETED_DEVICE_FAMILY = 4;
				WATCHOS_DEPLOYMENT_TARGET = 11.0;
				WK_COMPANION_APP_BUNDLE_IDENTIFIER = com.luisfl.Hax.debug;
			};
			name = Debug;
		};
		A0AC532D2CA1DC9A00872903 /* Release */ = {
			isa = XCBuildConfiguration;
			buildSettings = {
				ASSETCATALOG_COMPILER_APPICON_NAME = Hax;
				ASSETCATALOG_COMPILER_GENERATE_SWIFT_ASSET_SYMBOL_EXTENSIONS = YES;
				ASSETCATALOG_COMPILER_GLOBAL_ACCENT_COLOR_NAME = AccentColor;
				CODE_SIGN_ENTITLEMENTS = HaxWatch/Resources/HaxWatch.entitlements;
				CODE_SIGN_STYLE = Automatic;
				CURRENT_PROJECT_VERSION = 9;
				DEVELOPMENT_ASSET_PATHS = "\"HaxWatch/Resources/Preview Content\"";
				DEVELOPMENT_TEAM = B2NJF5A6ZC;
				ENABLE_PREVIEWS = YES;
				GCC_C_LANGUAGE_STANDARD = gnu17;
				GENERATE_INFOPLIST_FILE = YES;
				INFOPLIST_KEY_CFBundleDisplayName = Hax;
				INFOPLIST_KEY_UISupportedInterfaceOrientations = "UIInterfaceOrientationPortrait UIInterfaceOrientationPortraitUpsideDown";
				INFOPLIST_KEY_WKCompanionAppBundleIdentifier = "$(WK_COMPANION_APP_BUNDLE_IDENTIFIER)";
				INFOPLIST_KEY_WKRunsIndependentlyOfCompanionApp = NO;
				LD_RUNPATH_SEARCH_PATHS = (
					"$(inherited)",
					"@executable_path/Frameworks",
				);
				LOCALIZATION_PREFERS_STRING_CATALOGS = YES;
				MARKETING_VERSION = 2.2.0;
				PRODUCT_BUNDLE_IDENTIFIER = com.luisfl.Hax.HaxWatch;
				PRODUCT_NAME = "$(TARGET_NAME)";
				SDKROOT = watchos;
				SKIP_INSTALL = YES;
				SWIFT_EMIT_LOC_STRINGS = YES;
				SWIFT_VERSION = 6.0;
				TARGETED_DEVICE_FAMILY = 4;
				VALIDATE_PRODUCT = YES;
				WATCHOS_DEPLOYMENT_TARGET = 11.0;
				WK_COMPANION_APP_BUNDLE_IDENTIFIER = com.luisfl.Hax;
			};
			name = Release;
		};
		A0D51B722BC6F66C001D8A78 /* Debug */ = {
			isa = XCBuildConfiguration;
			buildSettings = {
				ASSETCATALOG_COMPILER_GENERATE_SWIFT_ASSET_SYMBOL_EXTENSIONS = YES;
				CODE_SIGN_STYLE = Automatic;
				CURRENT_PROJECT_VERSION = 9;
				DEVELOPMENT_TEAM = B2NJF5A6ZC;
				GCC_C_LANGUAGE_STANDARD = gnu17;
				GENERATE_INFOPLIST_FILE = YES;
				INFOPLIST_FILE = HaxSafariWebExtension/Info.plist;
				INFOPLIST_KEY_CFBundleDisplayName = HaxSafariWebExtension;
				INFOPLIST_KEY_NSHumanReadableCopyright = "";
				IPHONEOS_DEPLOYMENT_TARGET = 17.5;
				LD_RUNPATH_SEARCH_PATHS = (
					"$(inherited)",
					"@executable_path/Frameworks",
					"@executable_path/../../Frameworks",
				);
				LOCALIZATION_PREFERS_STRING_CATALOGS = YES;
				MARKETING_VERSION = 2.2.0;
				OTHER_LDFLAGS = (
					"-framework",
					SafariServices,
				);
				PRODUCT_BUNDLE_IDENTIFIER = com.luisfl.Hax.debug.HaxSafariWebExtension;
				PRODUCT_NAME = "$(TARGET_NAME)";
				SDKROOT = iphoneos;
				SKIP_INSTALL = YES;
				SUPPORTED_PLATFORMS = "iphoneos iphonesimulator";
				SUPPORTS_MACCATALYST = NO;
				SUPPORTS_MAC_DESIGNED_FOR_IPHONE_IPAD = NO;
				SUPPORTS_XR_DESIGNED_FOR_IPHONE_IPAD = NO;
				SWIFT_ACTIVE_COMPILATION_CONDITIONS = "DEBUG $(inherited)";
				SWIFT_EMIT_LOC_STRINGS = YES;
				SWIFT_VERSION = 6.0;
				TARGETED_DEVICE_FAMILY = 1;
			};
			name = Debug;
		};
		A0D51B732BC6F66C001D8A78 /* Release */ = {
			isa = XCBuildConfiguration;
			buildSettings = {
				ASSETCATALOG_COMPILER_GENERATE_SWIFT_ASSET_SYMBOL_EXTENSIONS = YES;
				CODE_SIGN_STYLE = Automatic;
				CURRENT_PROJECT_VERSION = 9;
				DEVELOPMENT_TEAM = B2NJF5A6ZC;
				GCC_C_LANGUAGE_STANDARD = gnu17;
				GENERATE_INFOPLIST_FILE = YES;
				INFOPLIST_FILE = HaxSafariWebExtension/Info.plist;
				INFOPLIST_KEY_CFBundleDisplayName = HaxSafariWebExtension;
				INFOPLIST_KEY_NSHumanReadableCopyright = "";
				IPHONEOS_DEPLOYMENT_TARGET = 17.5;
				LD_RUNPATH_SEARCH_PATHS = (
					"$(inherited)",
					"@executable_path/Frameworks",
					"@executable_path/../../Frameworks",
				);
				LOCALIZATION_PREFERS_STRING_CATALOGS = YES;
				MARKETING_VERSION = 2.2.0;
				OTHER_LDFLAGS = (
					"-framework",
					SafariServices,
				);
				PRODUCT_BUNDLE_IDENTIFIER = com.luisfl.Hax.HaxSafariWebExtension;
				PRODUCT_NAME = "$(TARGET_NAME)";
				SDKROOT = iphoneos;
				SKIP_INSTALL = YES;
				SUPPORTED_PLATFORMS = "iphoneos iphonesimulator";
				SUPPORTS_MACCATALYST = NO;
				SUPPORTS_MAC_DESIGNED_FOR_IPHONE_IPAD = NO;
				SUPPORTS_XR_DESIGNED_FOR_IPHONE_IPAD = NO;
				SWIFT_EMIT_LOC_STRINGS = YES;
				SWIFT_VERSION = 6.0;
				TARGETED_DEVICE_FAMILY = 1;
				VALIDATE_PRODUCT = YES;
			};
			name = Release;
		};
/* End XCBuildConfiguration section */

/* Begin XCConfigurationList section */
		A03FDF782AB74E5B00127AB6 /* Build configuration list for PBXNativeTarget "HaxWidgetExtension" */ = {
			isa = XCConfigurationList;
			buildConfigurations = (
				A03FDF762AB74E5B00127AB6 /* Debug */,
				A03FDF772AB74E5B00127AB6 /* Release */,
			);
			defaultConfigurationIsVisible = 0;
			defaultConfigurationName = Release;
		};
		A064ABA428D3ADA500572ADD /* Build configuration list for PBXProject "Hax" */ = {
			isa = XCConfigurationList;
			buildConfigurations = (
				A064ABCC28D3ADA600572ADD /* Debug */,
				A064ABCD28D3ADA600572ADD /* Release */,
			);
			defaultConfigurationIsVisible = 0;
			defaultConfigurationName = Release;
		};
		A064ABCE28D3ADA600572ADD /* Build configuration list for PBXNativeTarget "Hax" */ = {
			isa = XCConfigurationList;
			buildConfigurations = (
				A064ABCF28D3ADA600572ADD /* Debug */,
				A064ABD028D3ADA600572ADD /* Release */,
			);
			defaultConfigurationIsVisible = 0;
			defaultConfigurationName = Release;
		};
		A064ABD128D3ADA600572ADD /* Build configuration list for PBXNativeTarget "HaxTests" */ = {
			isa = XCConfigurationList;
			buildConfigurations = (
				A064ABD228D3ADA600572ADD /* Debug */,
				A064ABD328D3ADA600572ADD /* Release */,
			);
			defaultConfigurationIsVisible = 0;
			defaultConfigurationName = Release;
		};
		A064ABD428D3ADA600572ADD /* Build configuration list for PBXNativeTarget "HaxUITests" */ = {
			isa = XCConfigurationList;
			buildConfigurations = (
				A064ABD528D3ADA600572ADD /* Debug */,
				A064ABD628D3ADA600572ADD /* Release */,
			);
			defaultConfigurationIsVisible = 0;
			defaultConfigurationName = Release;
		};
		A0AC532E2CA1DC9A00872903 /* Build configuration list for PBXNativeTarget "HaxWatch" */ = {
			isa = XCConfigurationList;
			buildConfigurations = (
				A0AC532C2CA1DC9A00872903 /* Debug */,
				A0AC532D2CA1DC9A00872903 /* Release */,
			);
			defaultConfigurationIsVisible = 0;
			defaultConfigurationName = Release;
		};
		A0D51B742BC6F66C001D8A78 /* Build configuration list for PBXNativeTarget "HaxSafariWebExtension" */ = {
			isa = XCConfigurationList;
			buildConfigurations = (
				A0D51B722BC6F66C001D8A78 /* Debug */,
				A0D51B732BC6F66C001D8A78 /* Release */,
			);
			defaultConfigurationIsVisible = 0;
			defaultConfigurationName = Release;
		};
/* End XCConfigurationList section */

/* Begin XCSwiftPackageProductDependency section */
		A037DC0D2BED200E0050E794 /* Networking */ = {
			isa = XCSwiftPackageProductDependency;
			productName = Networking;
		};
		A0622B1C2BEE914900A7DD83 /* Networking */ = {
			isa = XCSwiftPackageProductDependency;
			productName = Networking;
		};
		A0B11EB32CA30DD5009E3463 /* Networking */ = {
			isa = XCSwiftPackageProductDependency;
			productName = Networking;
		};
/* End XCSwiftPackageProductDependency section */
	};
	rootObject = A064ABA128D3ADA500572ADD /* Project object */;
}
