// !$*UTF8*$!
{
	archiveVersion = 1;
	classes = {
	};
	objectVersion = 56;
	objects = {

/* Begin PBXBuildFile section */
		A01F70E4295204DD00395B2A /* DefaultFeedService.swift in Sources */ = {isa = PBXBuildFile; fileRef = A01F70E3295204DD00395B2A /* DefaultFeedService.swift */; };
		A01F70E72952051D00395B2A /* DefaultFeedServiceTests.swift in Sources */ = {isa = PBXBuildFile; fileRef = A01F70E62952051D00395B2A /* DefaultFeedServiceTests.swift */; };
		A01F70EA2952054200395B2A /* UserDefaultsMock.swift in Sources */ = {isa = PBXBuildFile; fileRef = A01F70E92952054200395B2A /* UserDefaultsMock.swift */; };
		A01F70EC2952061F00395B2A /* DefaultFeedServiceMock.swift in Sources */ = {isa = PBXBuildFile; fileRef = A01F70EB2952061F00395B2A /* DefaultFeedServiceMock.swift */; };
		A01F70EF2952064800395B2A /* MenuViewModelTests.swift in Sources */ = {isa = PBXBuildFile; fileRef = A01F70EE2952064800395B2A /* MenuViewModelTests.swift */; };
		A01F70F129520AAF00395B2A /* AppVersionService.swift in Sources */ = {isa = PBXBuildFile; fileRef = A01F70F029520AAF00395B2A /* AppVersionService.swift */; };
		A01F70F329520CE100395B2A /* AppVersionServiceTests.swift in Sources */ = {isa = PBXBuildFile; fileRef = A01F70F229520CE100395B2A /* AppVersionServiceTests.swift */; };
		A01F70F529520FD600395B2A /* SettingsViewModelTests.swift in Sources */ = {isa = PBXBuildFile; fileRef = A01F70F429520FD600395B2A /* SettingsViewModelTests.swift */; };
		A01F70F7295213B800395B2A /* AppVersionServiceMock.swift in Sources */ = {isa = PBXBuildFile; fileRef = A01F70F6295213B800395B2A /* AppVersionServiceMock.swift */; };
		A03FDF672AB74E5A00127AB6 /* WidgetKit.framework in Frameworks */ = {isa = PBXBuildFile; fileRef = A03FDF662AB74E5A00127AB6 /* WidgetKit.framework */; };
		A03FDF692AB74E5A00127AB6 /* SwiftUI.framework in Frameworks */ = {isa = PBXBuildFile; fileRef = A03FDF682AB74E5A00127AB6 /* SwiftUI.framework */; };
		A03FDF6C2AB74E5A00127AB6 /* HaxWidgetBundle.swift in Sources */ = {isa = PBXBuildFile; fileRef = A03FDF6B2AB74E5A00127AB6 /* HaxWidgetBundle.swift */; };
		A03FDF6E2AB74E5A00127AB6 /* HaxWidget.swift in Sources */ = {isa = PBXBuildFile; fileRef = A03FDF6D2AB74E5A00127AB6 /* HaxWidget.swift */; };
		A03FDF702AB74E5B00127AB6 /* Assets.xcassets in Resources */ = {isa = PBXBuildFile; fileRef = A03FDF6F2AB74E5B00127AB6 /* Assets.xcassets */; };
		A03FDF742AB74E5B00127AB6 /* HaxWidgetExtension.appex in Embed Foundation Extensions */ = {isa = PBXBuildFile; fileRef = A03FDF642AB74E5A00127AB6 /* HaxWidgetExtension.appex */; settings = {ATTRIBUTES = (RemoveHeadersOnCopy, ); }; };
		A03FDF7D2AB7516F00127AB6 /* HaxWidgetProvider.swift in Sources */ = {isa = PBXBuildFile; fileRef = A03FDF7C2AB7516F00127AB6 /* HaxWidgetProvider.swift */; };
		A03FDF7F2AB7535100127AB6 /* HaxWidgetEntry.swift in Sources */ = {isa = PBXBuildFile; fileRef = A03FDF7E2AB7535100127AB6 /* HaxWidgetEntry.swift */; };
		A04500932BBB239E006227CE /* FeedExtension.swift in Sources */ = {isa = PBXBuildFile; fileRef = A04500922BBB239E006227CE /* FeedExtension.swift */; };
		A064ABAD28D3ADA500572ADD /* HaxApp.swift in Sources */ = {isa = PBXBuildFile; fileRef = A064ABAC28D3ADA500572ADD /* HaxApp.swift */; };
		A064ABB128D3ADA600572ADD /* Assets.xcassets in Resources */ = {isa = PBXBuildFile; fileRef = A064ABB028D3ADA600572ADD /* Assets.xcassets */; };
		A064ABB528D3ADA600572ADD /* Preview Assets.xcassets in Resources */ = {isa = PBXBuildFile; fileRef = A064ABB428D3ADA600572ADD /* Preview Assets.xcassets */; };
		A064ABC928D3ADA600572ADD /* HaxUITests.swift in Sources */ = {isa = PBXBuildFile; fileRef = A064ABC828D3ADA600572ADD /* HaxUITests.swift */; };
		A064ABCB28D3ADA600572ADD /* HaxUITestsLaunchTests.swift in Sources */ = {isa = PBXBuildFile; fileRef = A064ABCA28D3ADA600572ADD /* HaxUITestsLaunchTests.swift */; };
		A064ABD928D3C0B600572ADD /* URLExtension.swift in Sources */ = {isa = PBXBuildFile; fileRef = A064ABD828D3C0B600572ADD /* URLExtension.swift */; };
		A064ABDB28D3C0CC00572ADD /* ArrayExtension.swift in Sources */ = {isa = PBXBuildFile; fileRef = A064ABDA28D3C0CC00572ADD /* ArrayExtension.swift */; };
		A064ABDD28D3C0E400572ADD /* URLExtensionTests.swift in Sources */ = {isa = PBXBuildFile; fileRef = A064ABDC28D3C0E400572ADD /* URLExtensionTests.swift */; };
		A0678891295309A400AA7BE0 /* DateExtensionTests.swift in Sources */ = {isa = PBXBuildFile; fileRef = A0678890295309A400AA7BE0 /* DateExtensionTests.swift */; };
		A067889329530F9A00AA7BE0 /* ArrayExtensionTests.swift in Sources */ = {isa = PBXBuildFile; fileRef = A067889229530F9A00AA7BE0 /* ArrayExtensionTests.swift */; };
		A067889A2953215100AA7BE0 /* ItemTests.swift in Sources */ = {isa = PBXBuildFile; fileRef = A06788992953215100AA7BE0 /* ItemTests.swift */; };
		A067889C295323FE00AA7BE0 /* Item.json in Resources */ = {isa = PBXBuildFile; fileRef = A067889B295323FE00AA7BE0 /* Item.json */; };
		A067889E2953276900AA7BE0 /* CommentTests.swift in Sources */ = {isa = PBXBuildFile; fileRef = A067889D2953276900AA7BE0 /* CommentTests.swift */; };
		A06788A02953294800AA7BE0 /* IdentifiableURLTests.swift in Sources */ = {isa = PBXBuildFile; fileRef = A067889F2953294800AA7BE0 /* IdentifiableURLTests.swift */; };
		A06788A22953300100AA7BE0 /* BundleMock.swift in Sources */ = {isa = PBXBuildFile; fileRef = A06788A12953300100AA7BE0 /* BundleMock.swift */; };
		A06788A429538C4C00AA7BE0 /* HackerNewsServiceMock.swift in Sources */ = {isa = PBXBuildFile; fileRef = A06788A329538C4C00AA7BE0 /* HackerNewsServiceMock.swift */; };
		A07D1C0A2AD323A90081FBE8 /* HackerNewsService.swift in Sources */ = {isa = PBXBuildFile; fileRef = A0F4DB1A28D4EA3F006CD8E7 /* HackerNewsService.swift */; };
		A07D1C0B2AD323B20081FBE8 /* Comment.swift in Sources */ = {isa = PBXBuildFile; fileRef = A0F4DB0428D4EA3F006CD8E7 /* Comment.swift */; };
		A07D1C0C2AD323C30081FBE8 /* AnyPublisherExtension.swift in Sources */ = {isa = PBXBuildFile; fileRef = A0DEE10C2AB6F7F5000918CB /* AnyPublisherExtension.swift */; };
		A086E4682BA7755D0075B0AD /* PrivacyInfo.xcprivacy in Resources */ = {isa = PBXBuildFile; fileRef = A086E4672BA7755D0075B0AD /* PrivacyInfo.xcprivacy */; };
		A092AD652954B8AC00B76D68 /* CommentRowViewModelTests.swift in Sources */ = {isa = PBXBuildFile; fileRef = A092AD642954B8AC00B76D68 /* CommentRowViewModelTests.swift */; };
		A092AD672954BE9400B76D68 /* ItemRowViewModelTests.swift in Sources */ = {isa = PBXBuildFile; fileRef = A092AD662954BE9400B76D68 /* ItemRowViewModelTests.swift */; };
		A096CE0C2AB9E741002B70BE /* Item.swift in Sources */ = {isa = PBXBuildFile; fileRef = A0F4DB0528D4EA3F006CD8E7 /* Item.swift */; };
		A096CE0D2AB9E752002B70BE /* StringExtension.swift in Sources */ = {isa = PBXBuildFile; fileRef = A0F4DAFA28D4EA25006CD8E7 /* StringExtension.swift */; };
		A096CE0E2AB9E772002B70BE /* URLExtension.swift in Sources */ = {isa = PBXBuildFile; fileRef = A064ABD828D3C0B600572ADD /* URLExtension.swift */; };
		A096CE0F2AB9E775002B70BE /* DateExtension.swift in Sources */ = {isa = PBXBuildFile; fileRef = A0F4DAFC28D4EA25006CD8E7 /* DateExtension.swift */; };
		A096CE102AB9E781002B70BE /* ArrayExtension.swift in Sources */ = {isa = PBXBuildFile; fileRef = A064ABDA28D3C0CC00572ADD /* ArrayExtension.swift */; };
		A096CE112AB9E8C6002B70BE /* Feed.swift in Sources */ = {isa = PBXBuildFile; fileRef = A0F4DB0728D4EA3F006CD8E7 /* Feed.swift */; };
		A0A2881829521A0500CF1484 /* FeedViewModelTests.swift in Sources */ = {isa = PBXBuildFile; fileRef = A0A2881729521A0500CF1484 /* FeedViewModelTests.swift */; };
		A0ACA52E2B935D9E00CFD2A8 /* MainViewModelTests.swift in Sources */ = {isa = PBXBuildFile; fileRef = A0ACA52D2B935D9E00CFD2A8 /* MainViewModelTests.swift */; };
		A0ACA6D32AD556D2007C2B8C /* SelectFeedIntent.swift in Sources */ = {isa = PBXBuildFile; fileRef = A0ACA6D22AD556D2007C2B8C /* SelectFeedIntent.swift */; };
		A0C19F2E2AFC22BE00D294C3 /* WidgetFamilyExtension.swift in Sources */ = {isa = PBXBuildFile; fileRef = A0C19F2D2AFC22BE00D294C3 /* WidgetFamilyExtension.swift */; };
		A0D56A8C2BAB32F00095BDD6 /* RegexService.swift in Sources */ = {isa = PBXBuildFile; fileRef = A0D56A8B2BAB32F00095BDD6 /* RegexService.swift */; };
		A0D56A8E2BAB35220095BDD6 /* RegexServiceTests.swift in Sources */ = {isa = PBXBuildFile; fileRef = A0D56A8D2BAB35220095BDD6 /* RegexServiceTests.swift */; };
		A0DEE10D2AB6F7F5000918CB /* AnyPublisherExtension.swift in Sources */ = {isa = PBXBuildFile; fileRef = A0DEE10C2AB6F7F5000918CB /* AnyPublisherExtension.swift */; };
		A0E318C52BB2D51B002BD063 /* RegexServiceMock.swift in Sources */ = {isa = PBXBuildFile; fileRef = A0E318C42BB2D51B002BD063 /* RegexServiceMock.swift */; };
		A0F3C6C32954A2E3008A7D2B /* XCTestCaseExtension.swift in Sources */ = {isa = PBXBuildFile; fileRef = A0F3C6C22954A2E3008A7D2B /* XCTestCaseExtension.swift */; };
		A0F3C6C52954A735008A7D2B /* ItemViewModelTests.swift in Sources */ = {isa = PBXBuildFile; fileRef = A0F3C6C42954A735008A7D2B /* ItemViewModelTests.swift */; };
		A0F4DAFE28D4EA25006CD8E7 /* ViewExtension.swift in Sources */ = {isa = PBXBuildFile; fileRef = A0F4DAF928D4EA25006CD8E7 /* ViewExtension.swift */; };
		A0F4DAFF28D4EA25006CD8E7 /* StringExtension.swift in Sources */ = {isa = PBXBuildFile; fileRef = A0F4DAFA28D4EA25006CD8E7 /* StringExtension.swift */; };
		A0F4DB0028D4EA25006CD8E7 /* UserDefaultsExtension.swift in Sources */ = {isa = PBXBuildFile; fileRef = A0F4DAFB28D4EA25006CD8E7 /* UserDefaultsExtension.swift */; };
		A0F4DB0128D4EA25006CD8E7 /* DateExtension.swift in Sources */ = {isa = PBXBuildFile; fileRef = A0F4DAFC28D4EA25006CD8E7 /* DateExtension.swift */; };
		A0F4DB1B28D4EA3F006CD8E7 /* Comment.swift in Sources */ = {isa = PBXBuildFile; fileRef = A0F4DB0428D4EA3F006CD8E7 /* Comment.swift */; };
		A0F4DB1C28D4EA3F006CD8E7 /* Item.swift in Sources */ = {isa = PBXBuildFile; fileRef = A0F4DB0528D4EA3F006CD8E7 /* Item.swift */; };
		A0F4DB1D28D4EA3F006CD8E7 /* IdentifiableURL.swift in Sources */ = {isa = PBXBuildFile; fileRef = A0F4DB0628D4EA3F006CD8E7 /* IdentifiableURL.swift */; };
		A0F4DB1E28D4EA3F006CD8E7 /* Feed.swift in Sources */ = {isa = PBXBuildFile; fileRef = A0F4DB0728D4EA3F006CD8E7 /* Feed.swift */; };
		A0F4DB1F28D4EA3F006CD8E7 /* ItemViewModel.swift in Sources */ = {isa = PBXBuildFile; fileRef = A0F4DB0928D4EA3F006CD8E7 /* ItemViewModel.swift */; };
		A0F4DB2028D4EA3F006CD8E7 /* ItemRowViewModel.swift in Sources */ = {isa = PBXBuildFile; fileRef = A0F4DB0A28D4EA3F006CD8E7 /* ItemRowViewModel.swift */; };
		A0F4DB2128D4EA3F006CD8E7 /* SettingsViewModel.swift in Sources */ = {isa = PBXBuildFile; fileRef = A0F4DB0B28D4EA3F006CD8E7 /* SettingsViewModel.swift */; };
		A0F4DB2228D4EA3F006CD8E7 /* MenuViewModel.swift in Sources */ = {isa = PBXBuildFile; fileRef = A0F4DB0C28D4EA3F006CD8E7 /* MenuViewModel.swift */; };
		A0F4DB2328D4EA3F006CD8E7 /* CommentRowViewModel.swift in Sources */ = {isa = PBXBuildFile; fileRef = A0F4DB0D28D4EA3F006CD8E7 /* CommentRowViewModel.swift */; };
		A0F4DB2428D4EA3F006CD8E7 /* FeedViewModel.swift in Sources */ = {isa = PBXBuildFile; fileRef = A0F4DB0E28D4EA3F006CD8E7 /* FeedViewModel.swift */; };
		A0F4DB2528D4EA3F006CD8E7 /* SafariView.swift in Sources */ = {isa = PBXBuildFile; fileRef = A0F4DB1028D4EA3F006CD8E7 /* SafariView.swift */; };
		A0F4DB2628D4EA3F006CD8E7 /* ItemView.swift in Sources */ = {isa = PBXBuildFile; fileRef = A0F4DB1128D4EA3F006CD8E7 /* ItemView.swift */; };
		A0F4DB2728D4EA3F006CD8E7 /* SettingsView.swift in Sources */ = {isa = PBXBuildFile; fileRef = A0F4DB1228D4EA3F006CD8E7 /* SettingsView.swift */; };
		A0F4DB2828D4EA3F006CD8E7 /* CommentRowView.swift in Sources */ = {isa = PBXBuildFile; fileRef = A0F4DB1328D4EA3F006CD8E7 /* CommentRowView.swift */; };
		A0F4DB2928D4EA3F006CD8E7 /* ItemRowView.swift in Sources */ = {isa = PBXBuildFile; fileRef = A0F4DB1428D4EA3F006CD8E7 /* ItemRowView.swift */; };
		A0F4DB2B28D4EA3F006CD8E7 /* ActivityIndicatorView.swift in Sources */ = {isa = PBXBuildFile; fileRef = A0F4DB1628D4EA3F006CD8E7 /* ActivityIndicatorView.swift */; };
		A0F4DB2C28D4EA3F006CD8E7 /* FeedView.swift in Sources */ = {isa = PBXBuildFile; fileRef = A0F4DB1728D4EA3F006CD8E7 /* FeedView.swift */; };
		A0F4DB2D28D4EA3F006CD8E7 /* MenuView.swift in Sources */ = {isa = PBXBuildFile; fileRef = A0F4DB1828D4EA3F006CD8E7 /* MenuView.swift */; };
		A0F4DB2E28D4EA3F006CD8E7 /* HackerNewsService.swift in Sources */ = {isa = PBXBuildFile; fileRef = A0F4DB1A28D4EA3F006CD8E7 /* HackerNewsService.swift */; };
		A0F92DB92B934EA100FE61B8 /* MainView.swift in Sources */ = {isa = PBXBuildFile; fileRef = A0F92DB82B934EA100FE61B8 /* MainView.swift */; };
		A0F92DBB2B934ED200FE61B8 /* MainViewModel.swift in Sources */ = {isa = PBXBuildFile; fileRef = A0F92DBA2B934ED200FE61B8 /* MainViewModel.swift */; };
/* End PBXBuildFile section */

/* Begin PBXContainerItemProxy section */
		A03FDF722AB74E5B00127AB6 /* PBXContainerItemProxy */ = {
			isa = PBXContainerItemProxy;
			containerPortal = A064ABA128D3ADA500572ADD /* Project object */;
			proxyType = 1;
			remoteGlobalIDString = A03FDF632AB74E5A00127AB6;
			remoteInfo = HaxWidgetExtension;
		};
		A064ABBB28D3ADA600572ADD /* PBXContainerItemProxy */ = {
			isa = PBXContainerItemProxy;
			containerPortal = A064ABA128D3ADA500572ADD /* Project object */;
			proxyType = 1;
			remoteGlobalIDString = A064ABA828D3ADA500572ADD;
			remoteInfo = Hax;
		};
		A064ABC528D3ADA600572ADD /* PBXContainerItemProxy */ = {
			isa = PBXContainerItemProxy;
			containerPortal = A064ABA128D3ADA500572ADD /* Project object */;
			proxyType = 1;
			remoteGlobalIDString = A064ABA828D3ADA500572ADD;
			remoteInfo = Hax;
		};
/* End PBXContainerItemProxy section */

/* Begin PBXCopyFilesBuildPhase section */
		A03FDF752AB74E5B00127AB6 /* Embed Foundation Extensions */ = {
			isa = PBXCopyFilesBuildPhase;
			buildActionMask = 2147483647;
			dstPath = "";
			dstSubfolderSpec = 13;
			files = (
				A03FDF742AB74E5B00127AB6 /* HaxWidgetExtension.appex in Embed Foundation Extensions */,
			);
			name = "Embed Foundation Extensions";
			runOnlyForDeploymentPostprocessing = 0;
		};
/* End PBXCopyFilesBuildPhase section */

/* Begin PBXFileReference section */
		A01F70E3295204DD00395B2A /* DefaultFeedService.swift */ = {isa = PBXFileReference; lastKnownFileType = sourcecode.swift; path = DefaultFeedService.swift; sourceTree = "<group>"; };
		A01F70E62952051D00395B2A /* DefaultFeedServiceTests.swift */ = {isa = PBXFileReference; lastKnownFileType = sourcecode.swift; path = DefaultFeedServiceTests.swift; sourceTree = "<group>"; };
		A01F70E92952054200395B2A /* UserDefaultsMock.swift */ = {isa = PBXFileReference; lastKnownFileType = sourcecode.swift; path = UserDefaultsMock.swift; sourceTree = "<group>"; };
		A01F70EB2952061F00395B2A /* DefaultFeedServiceMock.swift */ = {isa = PBXFileReference; lastKnownFileType = sourcecode.swift; path = DefaultFeedServiceMock.swift; sourceTree = "<group>"; };
		A01F70EE2952064800395B2A /* MenuViewModelTests.swift */ = {isa = PBXFileReference; lastKnownFileType = sourcecode.swift; path = MenuViewModelTests.swift; sourceTree = "<group>"; };
		A01F70F029520AAF00395B2A /* AppVersionService.swift */ = {isa = PBXFileReference; lastKnownFileType = sourcecode.swift; path = AppVersionService.swift; sourceTree = "<group>"; };
		A01F70F229520CE100395B2A /* AppVersionServiceTests.swift */ = {isa = PBXFileReference; lastKnownFileType = sourcecode.swift; path = AppVersionServiceTests.swift; sourceTree = "<group>"; };
		A01F70F429520FD600395B2A /* SettingsViewModelTests.swift */ = {isa = PBXFileReference; lastKnownFileType = sourcecode.swift; path = SettingsViewModelTests.swift; sourceTree = "<group>"; };
		A01F70F6295213B800395B2A /* AppVersionServiceMock.swift */ = {isa = PBXFileReference; lastKnownFileType = sourcecode.swift; path = AppVersionServiceMock.swift; sourceTree = "<group>"; };
		A03FDF642AB74E5A00127AB6 /* HaxWidgetExtension.appex */ = {isa = PBXFileReference; explicitFileType = "wrapper.app-extension"; includeInIndex = 0; path = HaxWidgetExtension.appex; sourceTree = BUILT_PRODUCTS_DIR; };
		A03FDF662AB74E5A00127AB6 /* WidgetKit.framework */ = {isa = PBXFileReference; lastKnownFileType = wrapper.framework; name = WidgetKit.framework; path = System/Library/Frameworks/WidgetKit.framework; sourceTree = SDKROOT; };
		A03FDF682AB74E5A00127AB6 /* SwiftUI.framework */ = {isa = PBXFileReference; lastKnownFileType = wrapper.framework; name = SwiftUI.framework; path = System/Library/Frameworks/SwiftUI.framework; sourceTree = SDKROOT; };
		A03FDF6B2AB74E5A00127AB6 /* HaxWidgetBundle.swift */ = {isa = PBXFileReference; lastKnownFileType = sourcecode.swift; path = HaxWidgetBundle.swift; sourceTree = "<group>"; };
		A03FDF6D2AB74E5A00127AB6 /* HaxWidget.swift */ = {isa = PBXFileReference; lastKnownFileType = sourcecode.swift; path = HaxWidget.swift; sourceTree = "<group>"; };
		A03FDF6F2AB74E5B00127AB6 /* Assets.xcassets */ = {isa = PBXFileReference; lastKnownFileType = folder.assetcatalog; path = Assets.xcassets; sourceTree = "<group>"; };
		A03FDF712AB74E5B00127AB6 /* Info.plist */ = {isa = PBXFileReference; lastKnownFileType = text.plist.xml; path = Info.plist; sourceTree = "<group>"; };
		A03FDF7C2AB7516F00127AB6 /* HaxWidgetProvider.swift */ = {isa = PBXFileReference; lastKnownFileType = sourcecode.swift; path = HaxWidgetProvider.swift; sourceTree = "<group>"; };
		A03FDF7E2AB7535100127AB6 /* HaxWidgetEntry.swift */ = {isa = PBXFileReference; lastKnownFileType = sourcecode.swift; path = HaxWidgetEntry.swift; sourceTree = "<group>"; };
		A04500922BBB239E006227CE /* FeedExtension.swift */ = {isa = PBXFileReference; lastKnownFileType = sourcecode.swift; path = FeedExtension.swift; sourceTree = "<group>"; };
		A064ABA928D3ADA500572ADD /* Hax.app */ = {isa = PBXFileReference; explicitFileType = wrapper.application; includeInIndex = 0; path = Hax.app; sourceTree = BUILT_PRODUCTS_DIR; };
		A064ABAC28D3ADA500572ADD /* HaxApp.swift */ = {isa = PBXFileReference; lastKnownFileType = sourcecode.swift; path = HaxApp.swift; sourceTree = "<group>"; };
		A064ABB028D3ADA600572ADD /* Assets.xcassets */ = {isa = PBXFileReference; lastKnownFileType = folder.assetcatalog; path = Assets.xcassets; sourceTree = "<group>"; };
		A064ABB228D3ADA600572ADD /* Hax.entitlements */ = {isa = PBXFileReference; lastKnownFileType = text.plist.entitlements; path = Hax.entitlements; sourceTree = "<group>"; };
		A064ABB428D3ADA600572ADD /* Preview Assets.xcassets */ = {isa = PBXFileReference; lastKnownFileType = folder.assetcatalog; path = "Preview Assets.xcassets"; sourceTree = "<group>"; };
		A064ABBA28D3ADA600572ADD /* HaxTests.xctest */ = {isa = PBXFileReference; explicitFileType = wrapper.cfbundle; includeInIndex = 0; path = HaxTests.xctest; sourceTree = BUILT_PRODUCTS_DIR; };
		A064ABC428D3ADA600572ADD /* HaxUITests.xctest */ = {isa = PBXFileReference; explicitFileType = wrapper.cfbundle; includeInIndex = 0; path = HaxUITests.xctest; sourceTree = BUILT_PRODUCTS_DIR; };
		A064ABC828D3ADA600572ADD /* HaxUITests.swift */ = {isa = PBXFileReference; lastKnownFileType = sourcecode.swift; path = HaxUITests.swift; sourceTree = "<group>"; };
		A064ABCA28D3ADA600572ADD /* HaxUITestsLaunchTests.swift */ = {isa = PBXFileReference; lastKnownFileType = sourcecode.swift; path = HaxUITestsLaunchTests.swift; sourceTree = "<group>"; };
		A064ABD828D3C0B600572ADD /* URLExtension.swift */ = {isa = PBXFileReference; lastKnownFileType = sourcecode.swift; path = URLExtension.swift; sourceTree = "<group>"; };
		A064ABDA28D3C0CC00572ADD /* ArrayExtension.swift */ = {isa = PBXFileReference; lastKnownFileType = sourcecode.swift; path = ArrayExtension.swift; sourceTree = "<group>"; };
		A064ABDC28D3C0E400572ADD /* URLExtensionTests.swift */ = {isa = PBXFileReference; lastKnownFileType = sourcecode.swift; path = URLExtensionTests.swift; sourceTree = "<group>"; };
		A0678890295309A400AA7BE0 /* DateExtensionTests.swift */ = {isa = PBXFileReference; lastKnownFileType = sourcecode.swift; path = DateExtensionTests.swift; sourceTree = "<group>"; };
		A067889229530F9A00AA7BE0 /* ArrayExtensionTests.swift */ = {isa = PBXFileReference; lastKnownFileType = sourcecode.swift; path = ArrayExtensionTests.swift; sourceTree = "<group>"; };
		A06788992953215100AA7BE0 /* ItemTests.swift */ = {isa = PBXFileReference; lastKnownFileType = sourcecode.swift; path = ItemTests.swift; sourceTree = "<group>"; };
		A067889B295323FE00AA7BE0 /* Item.json */ = {isa = PBXFileReference; fileEncoding = 4; lastKnownFileType = text.json; path = Item.json; sourceTree = "<group>"; };
		A067889D2953276900AA7BE0 /* CommentTests.swift */ = {isa = PBXFileReference; lastKnownFileType = sourcecode.swift; path = CommentTests.swift; sourceTree = "<group>"; };
		A067889F2953294800AA7BE0 /* IdentifiableURLTests.swift */ = {isa = PBXFileReference; lastKnownFileType = sourcecode.swift; path = IdentifiableURLTests.swift; sourceTree = "<group>"; };
		A06788A12953300100AA7BE0 /* BundleMock.swift */ = {isa = PBXFileReference; lastKnownFileType = sourcecode.swift; path = BundleMock.swift; sourceTree = "<group>"; };
		A06788A329538C4C00AA7BE0 /* HackerNewsServiceMock.swift */ = {isa = PBXFileReference; lastKnownFileType = sourcecode.swift; path = HackerNewsServiceMock.swift; sourceTree = "<group>"; };
		A07FF27A2BB7306D0067B652 /* Info.plist */ = {isa = PBXFileReference; lastKnownFileType = text.plist.xml; path = Info.plist; sourceTree = "<group>"; };
		A086E4672BA7755D0075B0AD /* PrivacyInfo.xcprivacy */ = {isa = PBXFileReference; lastKnownFileType = text.xml; path = PrivacyInfo.xcprivacy; sourceTree = "<group>"; };
		A092AD642954B8AC00B76D68 /* CommentRowViewModelTests.swift */ = {isa = PBXFileReference; lastKnownFileType = sourcecode.swift; path = CommentRowViewModelTests.swift; sourceTree = "<group>"; };
		A092AD662954BE9400B76D68 /* ItemRowViewModelTests.swift */ = {isa = PBXFileReference; lastKnownFileType = sourcecode.swift; path = ItemRowViewModelTests.swift; sourceTree = "<group>"; };
		A0A2881729521A0500CF1484 /* FeedViewModelTests.swift */ = {isa = PBXFileReference; lastKnownFileType = sourcecode.swift; path = FeedViewModelTests.swift; sourceTree = "<group>"; };
		A0ACA52D2B935D9E00CFD2A8 /* MainViewModelTests.swift */ = {isa = PBXFileReference; lastKnownFileType = sourcecode.swift; path = MainViewModelTests.swift; sourceTree = "<group>"; };
		A0ACA6D22AD556D2007C2B8C /* SelectFeedIntent.swift */ = {isa = PBXFileReference; lastKnownFileType = sourcecode.swift; path = SelectFeedIntent.swift; sourceTree = "<group>"; };
		A0C19F2D2AFC22BE00D294C3 /* WidgetFamilyExtension.swift */ = {isa = PBXFileReference; lastKnownFileType = sourcecode.swift; path = WidgetFamilyExtension.swift; sourceTree = "<group>"; };
		A0D56A8B2BAB32F00095BDD6 /* RegexService.swift */ = {isa = PBXFileReference; lastKnownFileType = sourcecode.swift; path = RegexService.swift; sourceTree = "<group>"; };
		A0D56A8D2BAB35220095BDD6 /* RegexServiceTests.swift */ = {isa = PBXFileReference; lastKnownFileType = sourcecode.swift; path = RegexServiceTests.swift; sourceTree = "<group>"; };
		A0DEE10C2AB6F7F5000918CB /* AnyPublisherExtension.swift */ = {isa = PBXFileReference; lastKnownFileType = sourcecode.swift; path = AnyPublisherExtension.swift; sourceTree = "<group>"; };
		A0E318C42BB2D51B002BD063 /* RegexServiceMock.swift */ = {isa = PBXFileReference; lastKnownFileType = sourcecode.swift; path = RegexServiceMock.swift; sourceTree = "<group>"; };
		A0F3C6C22954A2E3008A7D2B /* XCTestCaseExtension.swift */ = {isa = PBXFileReference; lastKnownFileType = sourcecode.swift; path = XCTestCaseExtension.swift; sourceTree = "<group>"; };
		A0F3C6C42954A735008A7D2B /* ItemViewModelTests.swift */ = {isa = PBXFileReference; lastKnownFileType = sourcecode.swift; path = ItemViewModelTests.swift; sourceTree = "<group>"; };
		A0F4DAF928D4EA25006CD8E7 /* ViewExtension.swift */ = {isa = PBXFileReference; fileEncoding = 4; lastKnownFileType = sourcecode.swift; path = ViewExtension.swift; sourceTree = "<group>"; };
		A0F4DAFA28D4EA25006CD8E7 /* StringExtension.swift */ = {isa = PBXFileReference; fileEncoding = 4; lastKnownFileType = sourcecode.swift; path = StringExtension.swift; sourceTree = "<group>"; };
		A0F4DAFB28D4EA25006CD8E7 /* UserDefaultsExtension.swift */ = {isa = PBXFileReference; fileEncoding = 4; lastKnownFileType = sourcecode.swift; path = UserDefaultsExtension.swift; sourceTree = "<group>"; };
		A0F4DAFC28D4EA25006CD8E7 /* DateExtension.swift */ = {isa = PBXFileReference; fileEncoding = 4; lastKnownFileType = sourcecode.swift; path = DateExtension.swift; sourceTree = "<group>"; };
		A0F4DB0428D4EA3F006CD8E7 /* Comment.swift */ = {isa = PBXFileReference; fileEncoding = 4; lastKnownFileType = sourcecode.swift; path = Comment.swift; sourceTree = "<group>"; };
		A0F4DB0528D4EA3F006CD8E7 /* Item.swift */ = {isa = PBXFileReference; fileEncoding = 4; lastKnownFileType = sourcecode.swift; path = Item.swift; sourceTree = "<group>"; };
		A0F4DB0628D4EA3F006CD8E7 /* IdentifiableURL.swift */ = {isa = PBXFileReference; fileEncoding = 4; lastKnownFileType = sourcecode.swift; path = IdentifiableURL.swift; sourceTree = "<group>"; };
		A0F4DB0728D4EA3F006CD8E7 /* Feed.swift */ = {isa = PBXFileReference; fileEncoding = 4; lastKnownFileType = sourcecode.swift; path = Feed.swift; sourceTree = "<group>"; };
		A0F4DB0928D4EA3F006CD8E7 /* ItemViewModel.swift */ = {isa = PBXFileReference; fileEncoding = 4; lastKnownFileType = sourcecode.swift; path = ItemViewModel.swift; sourceTree = "<group>"; };
		A0F4DB0A28D4EA3F006CD8E7 /* ItemRowViewModel.swift */ = {isa = PBXFileReference; fileEncoding = 4; lastKnownFileType = sourcecode.swift; path = ItemRowViewModel.swift; sourceTree = "<group>"; };
		A0F4DB0B28D4EA3F006CD8E7 /* SettingsViewModel.swift */ = {isa = PBXFileReference; fileEncoding = 4; lastKnownFileType = sourcecode.swift; path = SettingsViewModel.swift; sourceTree = "<group>"; };
		A0F4DB0C28D4EA3F006CD8E7 /* MenuViewModel.swift */ = {isa = PBXFileReference; fileEncoding = 4; lastKnownFileType = sourcecode.swift; path = MenuViewModel.swift; sourceTree = "<group>"; };
		A0F4DB0D28D4EA3F006CD8E7 /* CommentRowViewModel.swift */ = {isa = PBXFileReference; fileEncoding = 4; lastKnownFileType = sourcecode.swift; path = CommentRowViewModel.swift; sourceTree = "<group>"; };
		A0F4DB0E28D4EA3F006CD8E7 /* FeedViewModel.swift */ = {isa = PBXFileReference; fileEncoding = 4; lastKnownFileType = sourcecode.swift; path = FeedViewModel.swift; sourceTree = "<group>"; };
		A0F4DB1028D4EA3F006CD8E7 /* SafariView.swift */ = {isa = PBXFileReference; fileEncoding = 4; lastKnownFileType = sourcecode.swift; path = SafariView.swift; sourceTree = "<group>"; };
		A0F4DB1128D4EA3F006CD8E7 /* ItemView.swift */ = {isa = PBXFileReference; fileEncoding = 4; lastKnownFileType = sourcecode.swift; path = ItemView.swift; sourceTree = "<group>"; };
		A0F4DB1228D4EA3F006CD8E7 /* SettingsView.swift */ = {isa = PBXFileReference; fileEncoding = 4; lastKnownFileType = sourcecode.swift; path = SettingsView.swift; sourceTree = "<group>"; };
		A0F4DB1328D4EA3F006CD8E7 /* CommentRowView.swift */ = {isa = PBXFileReference; fileEncoding = 4; lastKnownFileType = sourcecode.swift; path = CommentRowView.swift; sourceTree = "<group>"; };
		A0F4DB1428D4EA3F006CD8E7 /* ItemRowView.swift */ = {isa = PBXFileReference; fileEncoding = 4; lastKnownFileType = sourcecode.swift; path = ItemRowView.swift; sourceTree = "<group>"; };
		A0F4DB1628D4EA3F006CD8E7 /* ActivityIndicatorView.swift */ = {isa = PBXFileReference; fileEncoding = 4; lastKnownFileType = sourcecode.swift; path = ActivityIndicatorView.swift; sourceTree = "<group>"; };
		A0F4DB1728D4EA3F006CD8E7 /* FeedView.swift */ = {isa = PBXFileReference; fileEncoding = 4; lastKnownFileType = sourcecode.swift; path = FeedView.swift; sourceTree = "<group>"; };
		A0F4DB1828D4EA3F006CD8E7 /* MenuView.swift */ = {isa = PBXFileReference; fileEncoding = 4; lastKnownFileType = sourcecode.swift; path = MenuView.swift; sourceTree = "<group>"; };
		A0F4DB1A28D4EA3F006CD8E7 /* HackerNewsService.swift */ = {isa = PBXFileReference; fileEncoding = 4; lastKnownFileType = sourcecode.swift; path = HackerNewsService.swift; sourceTree = "<group>"; };
		A0F92DB82B934EA100FE61B8 /* MainView.swift */ = {isa = PBXFileReference; lastKnownFileType = sourcecode.swift; path = MainView.swift; sourceTree = "<group>"; };
		A0F92DBA2B934ED200FE61B8 /* MainViewModel.swift */ = {isa = PBXFileReference; lastKnownFileType = sourcecode.swift; path = MainViewModel.swift; sourceTree = "<group>"; };
/* End PBXFileReference section */

/* Begin PBXFrameworksBuildPhase section */
		A03FDF612AB74E5A00127AB6 /* Frameworks */ = {
			isa = PBXFrameworksBuildPhase;
			buildActionMask = 2147483647;
			files = (
				A03FDF692AB74E5A00127AB6 /* SwiftUI.framework in Frameworks */,
				A03FDF672AB74E5A00127AB6 /* WidgetKit.framework in Frameworks */,
			);
			runOnlyForDeploymentPostprocessing = 0;
		};
		A064ABA628D3ADA500572ADD /* Frameworks */ = {
			isa = PBXFrameworksBuildPhase;
			buildActionMask = 2147483647;
			files = (
			);
			runOnlyForDeploymentPostprocessing = 0;
		};
		A064ABB728D3ADA600572ADD /* Frameworks */ = {
			isa = PBXFrameworksBuildPhase;
			buildActionMask = 2147483647;
			files = (
			);
			runOnlyForDeploymentPostprocessing = 0;
		};
		A064ABC128D3ADA600572ADD /* Frameworks */ = {
			isa = PBXFrameworksBuildPhase;
			buildActionMask = 2147483647;
			files = (
			);
			runOnlyForDeploymentPostprocessing = 0;
		};
/* End PBXFrameworksBuildPhase section */

/* Begin PBXGroup section */
		A01F70E52952050300395B2A /* Services */ = {
			isa = PBXGroup;
			children = (
				A01F70F229520CE100395B2A /* AppVersionServiceTests.swift */,
				A01F70E62952051D00395B2A /* DefaultFeedServiceTests.swift */,
				A0D56A8D2BAB35220095BDD6 /* RegexServiceTests.swift */,
			);
			path = Services;
			sourceTree = "<group>";
		};
		A01F70E82952053000395B2A /* Mocks */ = {
			isa = PBXGroup;
			children = (
				A01F70F6295213B800395B2A /* AppVersionServiceMock.swift */,
				A06788A12953300100AA7BE0 /* BundleMock.swift */,
				A01F70EB2952061F00395B2A /* DefaultFeedServiceMock.swift */,
				A06788A329538C4C00AA7BE0 /* HackerNewsServiceMock.swift */,
				A0E318C42BB2D51B002BD063 /* RegexServiceMock.swift */,
				A01F70E92952054200395B2A /* UserDefaultsMock.swift */,
			);
			path = Mocks;
			sourceTree = "<group>";
		};
		A01F70ED2952063700395B2A /* View Models */ = {
			isa = PBXGroup;
			children = (
				A092AD642954B8AC00B76D68 /* CommentRowViewModelTests.swift */,
				A0A2881729521A0500CF1484 /* FeedViewModelTests.swift */,
				A092AD662954BE9400B76D68 /* ItemRowViewModelTests.swift */,
				A0F3C6C42954A735008A7D2B /* ItemViewModelTests.swift */,
				A0ACA52D2B935D9E00CFD2A8 /* MainViewModelTests.swift */,
				A01F70EE2952064800395B2A /* MenuViewModelTests.swift */,
				A01F70F429520FD600395B2A /* SettingsViewModelTests.swift */,
			);
			path = "View Models";
			sourceTree = "<group>";
		};
		A03FDF652AB74E5A00127AB6 /* Frameworks */ = {
			isa = PBXGroup;
			children = (
				A03FDF662AB74E5A00127AB6 /* WidgetKit.framework */,
				A03FDF682AB74E5A00127AB6 /* SwiftUI.framework */,
			);
			name = Frameworks;
			sourceTree = "<group>";
		};
		A03FDF6A2AB74E5A00127AB6 /* HaxWidget */ = {
			isa = PBXGroup;
			children = (
				A03FDF6B2AB74E5A00127AB6 /* HaxWidgetBundle.swift */,
				A0C19F2C2AFC229E00D294C3 /* Extensions */,
				A03FDF7A2AB74EA600127AB6 /* Resources */,
				A03FDF792AB74E9700127AB6 /* Widgets */,
			);
			path = HaxWidget;
			sourceTree = "<group>";
		};
		A03FDF792AB74E9700127AB6 /* Widgets */ = {
			isa = PBXGroup;
			children = (
				A03FDF7B2AB7513C00127AB6 /* HaxWidget */,
			);
			path = Widgets;
			sourceTree = "<group>";
		};
		A03FDF7A2AB74EA600127AB6 /* Resources */ = {
			isa = PBXGroup;
			children = (
				A03FDF712AB74E5B00127AB6 /* Info.plist */,
				A03FDF6F2AB74E5B00127AB6 /* Assets.xcassets */,
			);
			path = Resources;
			sourceTree = "<group>";
		};
		A03FDF7B2AB7513C00127AB6 /* HaxWidget */ = {
			isa = PBXGroup;
			children = (
				A03FDF6D2AB74E5A00127AB6 /* HaxWidget.swift */,
				A03FDF7E2AB7535100127AB6 /* HaxWidgetEntry.swift */,
				A03FDF7C2AB7516F00127AB6 /* HaxWidgetProvider.swift */,
				A0ACA6D22AD556D2007C2B8C /* SelectFeedIntent.swift */,
			);
			path = HaxWidget;
			sourceTree = "<group>";
		};
		A064ABA028D3ADA500572ADD = {
			isa = PBXGroup;
			children = (
				A064ABAB28D3ADA500572ADD /* Hax */,
				A03FDF6A2AB74E5A00127AB6 /* HaxWidget */,
				A064ABBD28D3ADA600572ADD /* HaxTests */,
				A064ABC728D3ADA600572ADD /* HaxUITests */,
				A03FDF652AB74E5A00127AB6 /* Frameworks */,
				A064ABAA28D3ADA500572ADD /* Products */,
			);
			sourceTree = "<group>";
		};
		A064ABAA28D3ADA500572ADD /* Products */ = {
			isa = PBXGroup;
			children = (
				A064ABA928D3ADA500572ADD /* Hax.app */,
				A064ABBA28D3ADA600572ADD /* HaxTests.xctest */,
				A064ABC428D3ADA600572ADD /* HaxUITests.xctest */,
				A03FDF642AB74E5A00127AB6 /* HaxWidgetExtension.appex */,
			);
			name = Products;
			sourceTree = "<group>";
		};
		A064ABAB28D3ADA500572ADD /* Hax */ = {
			isa = PBXGroup;
			children = (
				A064ABAC28D3ADA500572ADD /* HaxApp.swift */,
				A064ABD728D3C0AC00572ADD /* Extensions */,
				A0F4DB0328D4EA3F006CD8E7 /* Models */,
				A0F4DB3028D4EAD3006CD8E7 /* Resources */,
				A0F4DB1928D4EA3F006CD8E7 /* Services */,
				A0F4DB0828D4EA3F006CD8E7 /* View Models */,
				A0F4DB0F28D4EA3F006CD8E7 /* Views */,
			);
			path = Hax;
			sourceTree = "<group>";
		};
		A064ABB328D3ADA600572ADD /* Preview Content */ = {
			isa = PBXGroup;
			children = (
				A064ABB428D3ADA600572ADD /* Preview Assets.xcassets */,
			);
			path = "Preview Content";
			sourceTree = "<group>";
		};
		A064ABBD28D3ADA600572ADD /* HaxTests */ = {
			isa = PBXGroup;
			children = (
				A0F3C6C12954A2D3008A7D2B /* Extensions */,
				A01F70E82952053000395B2A /* Mocks */,
				A06788942953203000AA7BE0 /* Resources */,
				A0B55CFD2951D50B0087AAD2 /* Tests */,
			);
			path = HaxTests;
			sourceTree = "<group>";
		};
		A064ABC728D3ADA600572ADD /* HaxUITests */ = {
			isa = PBXGroup;
			children = (
				A064ABC828D3ADA600572ADD /* HaxUITests.swift */,
				A064ABCA28D3ADA600572ADD /* HaxUITestsLaunchTests.swift */,
			);
			path = HaxUITests;
			sourceTree = "<group>";
		};
		A064ABD728D3C0AC00572ADD /* Extensions */ = {
			isa = PBXGroup;
			children = (
				A0DEE10C2AB6F7F5000918CB /* AnyPublisherExtension.swift */,
				A064ABDA28D3C0CC00572ADD /* ArrayExtension.swift */,
				A0F4DAFC28D4EA25006CD8E7 /* DateExtension.swift */,
				A0F4DAFA28D4EA25006CD8E7 /* StringExtension.swift */,
				A064ABD828D3C0B600572ADD /* URLExtension.swift */,
				A0F4DAFB28D4EA25006CD8E7 /* UserDefaultsExtension.swift */,
				A0F4DAF928D4EA25006CD8E7 /* ViewExtension.swift */,
			);
			path = Extensions;
			sourceTree = "<group>";
		};
		A06788942953203000AA7BE0 /* Resources */ = {
			isa = PBXGroup;
			children = (
				A06788952953203500AA7BE0 /* JSON Files */,
			);
			path = Resources;
			sourceTree = "<group>";
		};
		A06788952953203500AA7BE0 /* JSON Files */ = {
			isa = PBXGroup;
			children = (
				A067889B295323FE00AA7BE0 /* Item.json */,
			);
			path = "JSON Files";
			sourceTree = "<group>";
		};
		A0678898295320BD00AA7BE0 /* Models */ = {
			isa = PBXGroup;
			children = (
				A067889D2953276900AA7BE0 /* CommentTests.swift */,
				A067889F2953294800AA7BE0 /* IdentifiableURLTests.swift */,
				A06788992953215100AA7BE0 /* ItemTests.swift */,
			);
			path = Models;
			sourceTree = "<group>";
		};
		A0B55CFD2951D50B0087AAD2 /* Tests */ = {
			isa = PBXGroup;
			children = (
				A0B55CFE2951D5110087AAD2 /* Extensions */,
				A0678898295320BD00AA7BE0 /* Models */,
				A01F70E52952050300395B2A /* Services */,
				A01F70ED2952063700395B2A /* View Models */,
			);
			path = Tests;
			sourceTree = "<group>";
		};
		A0B55CFE2951D5110087AAD2 /* Extensions */ = {
			isa = PBXGroup;
			children = (
				A067889229530F9A00AA7BE0 /* ArrayExtensionTests.swift */,
				A0678890295309A400AA7BE0 /* DateExtensionTests.swift */,
				A064ABDC28D3C0E400572ADD /* URLExtensionTests.swift */,
			);
			path = Extensions;
			sourceTree = "<group>";
		};
		A0C19F2C2AFC229E00D294C3 /* Extensions */ = {
			isa = PBXGroup;
			children = (
				A04500922BBB239E006227CE /* FeedExtension.swift */,
				A0C19F2D2AFC22BE00D294C3 /* WidgetFamilyExtension.swift */,
			);
			path = Extensions;
			sourceTree = "<group>";
		};
		A0F3C6C12954A2D3008A7D2B /* Extensions */ = {
			isa = PBXGroup;
			children = (
				A0F3C6C22954A2E3008A7D2B /* XCTestCaseExtension.swift */,
			);
			path = Extensions;
			sourceTree = "<group>";
		};
		A0F4DB0328D4EA3F006CD8E7 /* Models */ = {
			isa = PBXGroup;
			children = (
				A0F4DB0428D4EA3F006CD8E7 /* Comment.swift */,
				A0F4DB0728D4EA3F006CD8E7 /* Feed.swift */,
				A0F4DB0628D4EA3F006CD8E7 /* IdentifiableURL.swift */,
				A0F4DB0528D4EA3F006CD8E7 /* Item.swift */,
			);
			path = Models;
			sourceTree = "<group>";
		};
		A0F4DB0828D4EA3F006CD8E7 /* View Models */ = {
			isa = PBXGroup;
			children = (
				A0F4DB0D28D4EA3F006CD8E7 /* CommentRowViewModel.swift */,
				A0F4DB0E28D4EA3F006CD8E7 /* FeedViewModel.swift */,
				A0F4DB0A28D4EA3F006CD8E7 /* ItemRowViewModel.swift */,
				A0F4DB0928D4EA3F006CD8E7 /* ItemViewModel.swift */,
				A0F92DBA2B934ED200FE61B8 /* MainViewModel.swift */,
				A0F4DB0C28D4EA3F006CD8E7 /* MenuViewModel.swift */,
				A0F4DB0B28D4EA3F006CD8E7 /* SettingsViewModel.swift */,
			);
			path = "View Models";
			sourceTree = "<group>";
		};
		A0F4DB0F28D4EA3F006CD8E7 /* Views */ = {
			isa = PBXGroup;
			children = (
				A0F4DB1628D4EA3F006CD8E7 /* ActivityIndicatorView.swift */,
				A0F4DB1328D4EA3F006CD8E7 /* CommentRowView.swift */,
				A0F4DB1728D4EA3F006CD8E7 /* FeedView.swift */,
				A0F4DB1428D4EA3F006CD8E7 /* ItemRowView.swift */,
				A0F4DB1128D4EA3F006CD8E7 /* ItemView.swift */,
				A0F92DB82B934EA100FE61B8 /* MainView.swift */,
				A0F4DB1828D4EA3F006CD8E7 /* MenuView.swift */,
				A0F4DB1028D4EA3F006CD8E7 /* SafariView.swift */,
				A0F4DB1228D4EA3F006CD8E7 /* SettingsView.swift */,
			);
			path = Views;
			sourceTree = "<group>";
		};
		A0F4DB1928D4EA3F006CD8E7 /* Services */ = {
			isa = PBXGroup;
			children = (
				A01F70F029520AAF00395B2A /* AppVersionService.swift */,
				A01F70E3295204DD00395B2A /* DefaultFeedService.swift */,
				A0F4DB1A28D4EA3F006CD8E7 /* HackerNewsService.swift */,
				A0D56A8B2BAB32F00095BDD6 /* RegexService.swift */,
			);
			path = Services;
			sourceTree = "<group>";
		};
		A0F4DB3028D4EAD3006CD8E7 /* Resources */ = {
			isa = PBXGroup;
			children = (
				A064ABB228D3ADA600572ADD /* Hax.entitlements */,
				A07FF27A2BB7306D0067B652 /* Info.plist */,
				A064ABB028D3ADA600572ADD /* Assets.xcassets */,
				A086E4672BA7755D0075B0AD /* PrivacyInfo.xcprivacy */,
				A064ABB328D3ADA600572ADD /* Preview Content */,
			);
			path = Resources;
			sourceTree = "<group>";
		};
/* End PBXGroup section */

/* Begin PBXNativeTarget section */
		A03FDF632AB74E5A00127AB6 /* HaxWidgetExtension */ = {
			isa = PBXNativeTarget;
			buildConfigurationList = A03FDF782AB74E5B00127AB6 /* Build configuration list for PBXNativeTarget "HaxWidgetExtension" */;
			buildPhases = (
				A03FDF602AB74E5A00127AB6 /* Sources */,
				A03FDF612AB74E5A00127AB6 /* Frameworks */,
				A03FDF622AB74E5A00127AB6 /* Resources */,
			);
			buildRules = (
			);
			dependencies = (
			);
			name = HaxWidgetExtension;
			productName = HaxWidgetExtension;
			productReference = A03FDF642AB74E5A00127AB6 /* HaxWidgetExtension.appex */;
			productType = "com.apple.product-type.app-extension";
		};
		A064ABA828D3ADA500572ADD /* Hax */ = {
			isa = PBXNativeTarget;
			buildConfigurationList = A064ABCE28D3ADA600572ADD /* Build configuration list for PBXNativeTarget "Hax" */;
			buildPhases = (
				A064ABA528D3ADA500572ADD /* Sources */,
				A064ABA628D3ADA500572ADD /* Frameworks */,
				A064ABA728D3ADA500572ADD /* Resources */,
				A008951329054FFA00D3F9DB /* Run SwiftLint */,
				A03FDF752AB74E5B00127AB6 /* Embed Foundation Extensions */,
			);
			buildRules = (
			);
			dependencies = (
				A03FDF732AB74E5B00127AB6 /* PBXTargetDependency */,
			);
			name = Hax;
			productName = Hax;
			productReference = A064ABA928D3ADA500572ADD /* Hax.app */;
			productType = "com.apple.product-type.application";
		};
		A064ABB928D3ADA600572ADD /* HaxTests */ = {
			isa = PBXNativeTarget;
			buildConfigurationList = A064ABD128D3ADA600572ADD /* Build configuration list for PBXNativeTarget "HaxTests" */;
			buildPhases = (
				A064ABB628D3ADA600572ADD /* Sources */,
				A064ABB728D3ADA600572ADD /* Frameworks */,
				A064ABB828D3ADA600572ADD /* Resources */,
			);
			buildRules = (
			);
			dependencies = (
				A064ABBC28D3ADA600572ADD /* PBXTargetDependency */,
			);
			name = HaxTests;
			productName = HaxTests;
			productReference = A064ABBA28D3ADA600572ADD /* HaxTests.xctest */;
			productType = "com.apple.product-type.bundle.unit-test";
		};
		A064ABC328D3ADA600572ADD /* HaxUITests */ = {
			isa = PBXNativeTarget;
			buildConfigurationList = A064ABD428D3ADA600572ADD /* Build configuration list for PBXNativeTarget "HaxUITests" */;
			buildPhases = (
				A064ABC028D3ADA600572ADD /* Sources */,
				A064ABC128D3ADA600572ADD /* Frameworks */,
				A064ABC228D3ADA600572ADD /* Resources */,
			);
			buildRules = (
			);
			dependencies = (
				A064ABC628D3ADA600572ADD /* PBXTargetDependency */,
			);
			name = HaxUITests;
			productName = HaxUITests;
			productReference = A064ABC428D3ADA600572ADD /* HaxUITests.xctest */;
			productType = "com.apple.product-type.bundle.ui-testing";
		};
/* End PBXNativeTarget section */

/* Begin PBXProject section */
		A064ABA128D3ADA500572ADD /* Project object */ = {
			isa = PBXProject;
			attributes = {
				BuildIndependentTargetsInParallel = 1;
				LastSwiftUpdateCheck = 1430;
				LastUpgradeCheck = 1520;
				TargetAttributes = {
					A03FDF632AB74E5A00127AB6 = {
						CreatedOnToolsVersion = 14.3.1;
					};
					A064ABA828D3ADA500572ADD = {
						CreatedOnToolsVersion = 14.0;
					};
					A064ABB928D3ADA600572ADD = {
						CreatedOnToolsVersion = 14.0;
						TestTargetID = A064ABA828D3ADA500572ADD;
					};
					A064ABC328D3ADA600572ADD = {
						CreatedOnToolsVersion = 14.0;
						TestTargetID = A064ABA828D3ADA500572ADD;
					};
				};
			};
			buildConfigurationList = A064ABA428D3ADA500572ADD /* Build configuration list for PBXProject "Hax" */;
			compatibilityVersion = "Xcode 14.0";
			developmentRegion = en;
			hasScannedForEncodings = 0;
			knownRegions = (
				en,
				Base,
			);
			mainGroup = A064ABA028D3ADA500572ADD;
			productRefGroup = A064ABAA28D3ADA500572ADD /* Products */;
			projectDirPath = "";
			projectRoot = "";
			targets = (
				A064ABA828D3ADA500572ADD /* Hax */,
				A03FDF632AB74E5A00127AB6 /* HaxWidgetExtension */,
				A064ABB928D3ADA600572ADD /* HaxTests */,
				A064ABC328D3ADA600572ADD /* HaxUITests */,
			);
		};
/* End PBXProject section */

/* Begin PBXResourcesBuildPhase section */
		A03FDF622AB74E5A00127AB6 /* Resources */ = {
			isa = PBXResourcesBuildPhase;
			buildActionMask = 2147483647;
			files = (
				A03FDF702AB74E5B00127AB6 /* Assets.xcassets in Resources */,
			);
			runOnlyForDeploymentPostprocessing = 0;
		};
		A064ABA728D3ADA500572ADD /* Resources */ = {
			isa = PBXResourcesBuildPhase;
			buildActionMask = 2147483647;
			files = (
				A086E4682BA7755D0075B0AD /* PrivacyInfo.xcprivacy in Resources */,
				A064ABB528D3ADA600572ADD /* Preview Assets.xcassets in Resources */,
				A064ABB128D3ADA600572ADD /* Assets.xcassets in Resources */,
			);
			runOnlyForDeploymentPostprocessing = 0;
		};
		A064ABB828D3ADA600572ADD /* Resources */ = {
			isa = PBXResourcesBuildPhase;
			buildActionMask = 2147483647;
			files = (
				A067889C295323FE00AA7BE0 /* Item.json in Resources */,
			);
			runOnlyForDeploymentPostprocessing = 0;
		};
		A064ABC228D3ADA600572ADD /* Resources */ = {
			isa = PBXResourcesBuildPhase;
			buildActionMask = 2147483647;
			files = (
			);
			runOnlyForDeploymentPostprocessing = 0;
		};
/* End PBXResourcesBuildPhase section */

/* Begin PBXShellScriptBuildPhase section */
		A008951329054FFA00D3F9DB /* Run SwiftLint */ = {
			isa = PBXShellScriptBuildPhase;
			alwaysOutOfDate = 1;
			buildActionMask = 2147483647;
			files = (
			);
			inputFileListPaths = (
			);
			inputPaths = (
			);
			name = "Run SwiftLint";
			outputFileListPaths = (
			);
			outputPaths = (
			);
			runOnlyForDeploymentPostprocessing = 0;
			shellPath = /bin/sh;
			shellScript = "export PATH=\"$PATH:/opt/homebrew/bin\"\nif which swiftlint > /dev/null; then\n  swiftlint\nelse\n  echo \"warning: SwiftLint not installed, download from https://github.com/realm/SwiftLint\"\nfi\n";
		};
/* End PBXShellScriptBuildPhase section */

/* Begin PBXSourcesBuildPhase section */
		A03FDF602AB74E5A00127AB6 /* Sources */ = {
			isa = PBXSourcesBuildPhase;
			buildActionMask = 2147483647;
			files = (
				A07D1C0A2AD323A90081FBE8 /* HackerNewsService.swift in Sources */,
				A096CE0C2AB9E741002B70BE /* Item.swift in Sources */,
				A096CE112AB9E8C6002B70BE /* Feed.swift in Sources */,
				A096CE0F2AB9E775002B70BE /* DateExtension.swift in Sources */,
				A096CE0E2AB9E772002B70BE /* URLExtension.swift in Sources */,
				A096CE102AB9E781002B70BE /* ArrayExtension.swift in Sources */,
				A03FDF6C2AB74E5A00127AB6 /* HaxWidgetBundle.swift in Sources */,
				A07D1C0B2AD323B20081FBE8 /* Comment.swift in Sources */,
				A096CE0D2AB9E752002B70BE /* StringExtension.swift in Sources */,
				A0ACA6D32AD556D2007C2B8C /* SelectFeedIntent.swift in Sources */,
				A07D1C0C2AD323C30081FBE8 /* AnyPublisherExtension.swift in Sources */,
				A03FDF6E2AB74E5A00127AB6 /* HaxWidget.swift in Sources */,
				A03FDF7F2AB7535100127AB6 /* HaxWidgetEntry.swift in Sources */,
				A0C19F2E2AFC22BE00D294C3 /* WidgetFamilyExtension.swift in Sources */,
				A03FDF7D2AB7516F00127AB6 /* HaxWidgetProvider.swift in Sources */,
				A04500932BBB239E006227CE /* FeedExtension.swift in Sources */,
			);
			runOnlyForDeploymentPostprocessing = 0;
		};
		A064ABA528D3ADA500572ADD /* Sources */ = {
			isa = PBXSourcesBuildPhase;
			buildActionMask = 2147483647;
			files = (
				A0F4DB2428D4EA3F006CD8E7 /* FeedViewModel.swift in Sources */,
				A0F4DB2C28D4EA3F006CD8E7 /* FeedView.swift in Sources */,
				A0F4DB1E28D4EA3F006CD8E7 /* Feed.swift in Sources */,
				A0F4DB2E28D4EA3F006CD8E7 /* HackerNewsService.swift in Sources */,
				A0F4DB2628D4EA3F006CD8E7 /* ItemView.swift in Sources */,
				A0F92DBB2B934ED200FE61B8 /* MainViewModel.swift in Sources */,
				A0F4DB2528D4EA3F006CD8E7 /* SafariView.swift in Sources */,
				A01F70F129520AAF00395B2A /* AppVersionService.swift in Sources */,
				A0F4DB1F28D4EA3F006CD8E7 /* ItemViewModel.swift in Sources */,
				A0DEE10D2AB6F7F5000918CB /* AnyPublisherExtension.swift in Sources */,
				A0F4DB0128D4EA25006CD8E7 /* DateExtension.swift in Sources */,
				A064ABAD28D3ADA500572ADD /* HaxApp.swift in Sources */,
				A0F4DAFF28D4EA25006CD8E7 /* StringExtension.swift in Sources */,
				A0F4DB1B28D4EA3F006CD8E7 /* Comment.swift in Sources */,
				A0F4DB2B28D4EA3F006CD8E7 /* ActivityIndicatorView.swift in Sources */,
				A0F4DB1C28D4EA3F006CD8E7 /* Item.swift in Sources */,
				A064ABD928D3C0B600572ADD /* URLExtension.swift in Sources */,
				A01F70E4295204DD00395B2A /* DefaultFeedService.swift in Sources */,
				A064ABDB28D3C0CC00572ADD /* ArrayExtension.swift in Sources */,
				A0F4DB2928D4EA3F006CD8E7 /* ItemRowView.swift in Sources */,
				A0F4DB0028D4EA25006CD8E7 /* UserDefaultsExtension.swift in Sources */,
				A0F4DAFE28D4EA25006CD8E7 /* ViewExtension.swift in Sources */,
				A0F4DB2328D4EA3F006CD8E7 /* CommentRowViewModel.swift in Sources */,
				A0F4DB2D28D4EA3F006CD8E7 /* MenuView.swift in Sources */,
				A0F4DB1D28D4EA3F006CD8E7 /* IdentifiableURL.swift in Sources */,
				A0F4DB2228D4EA3F006CD8E7 /* MenuViewModel.swift in Sources */,
				A0F4DB2028D4EA3F006CD8E7 /* ItemRowViewModel.swift in Sources */,
				A0F92DB92B934EA100FE61B8 /* MainView.swift in Sources */,
				A0D56A8C2BAB32F00095BDD6 /* RegexService.swift in Sources */,
				A0F4DB2828D4EA3F006CD8E7 /* CommentRowView.swift in Sources */,
				A0F4DB2128D4EA3F006CD8E7 /* SettingsViewModel.swift in Sources */,
				A0F4DB2728D4EA3F006CD8E7 /* SettingsView.swift in Sources */,
			);
			runOnlyForDeploymentPostprocessing = 0;
		};
		A064ABB628D3ADA600572ADD /* Sources */ = {
			isa = PBXSourcesBuildPhase;
			buildActionMask = 2147483647;
			files = (
				A01F70F7295213B800395B2A /* AppVersionServiceMock.swift in Sources */,
				A0E318C52BB2D51B002BD063 /* RegexServiceMock.swift in Sources */,
				A067889329530F9A00AA7BE0 /* ArrayExtensionTests.swift in Sources */,
				A0A2881829521A0500CF1484 /* FeedViewModelTests.swift in Sources */,
				A0ACA52E2B935D9E00CFD2A8 /* MainViewModelTests.swift in Sources */,
				A01F70EA2952054200395B2A /* UserDefaultsMock.swift in Sources */,
				A0D56A8E2BAB35220095BDD6 /* RegexServiceTests.swift in Sources */,
				A0678891295309A400AA7BE0 /* DateExtensionTests.swift in Sources */,
				A092AD652954B8AC00B76D68 /* CommentRowViewModelTests.swift in Sources */,
				A064ABDD28D3C0E400572ADD /* URLExtensionTests.swift in Sources */,
				A0F3C6C32954A2E3008A7D2B /* XCTestCaseExtension.swift in Sources */,
				A092AD672954BE9400B76D68 /* ItemRowViewModelTests.swift in Sources */,
				A01F70F329520CE100395B2A /* AppVersionServiceTests.swift in Sources */,
				A01F70F529520FD600395B2A /* SettingsViewModelTests.swift in Sources */,
				A067889E2953276900AA7BE0 /* CommentTests.swift in Sources */,
				A067889A2953215100AA7BE0 /* ItemTests.swift in Sources */,
				A06788A22953300100AA7BE0 /* BundleMock.swift in Sources */,
				A01F70EF2952064800395B2A /* MenuViewModelTests.swift in Sources */,
				A06788A429538C4C00AA7BE0 /* HackerNewsServiceMock.swift in Sources */,
				A01F70E72952051D00395B2A /* DefaultFeedServiceTests.swift in Sources */,
				A01F70EC2952061F00395B2A /* DefaultFeedServiceMock.swift in Sources */,
				A06788A02953294800AA7BE0 /* IdentifiableURLTests.swift in Sources */,
				A0F3C6C52954A735008A7D2B /* ItemViewModelTests.swift in Sources */,
			);
			runOnlyForDeploymentPostprocessing = 0;
		};
		A064ABC028D3ADA600572ADD /* Sources */ = {
			isa = PBXSourcesBuildPhase;
			buildActionMask = 2147483647;
			files = (
				A064ABCB28D3ADA600572ADD /* HaxUITestsLaunchTests.swift in Sources */,
				A064ABC928D3ADA600572ADD /* HaxUITests.swift in Sources */,
			);
			runOnlyForDeploymentPostprocessing = 0;
		};
/* End PBXSourcesBuildPhase section */

/* Begin PBXTargetDependency section */
		A03FDF732AB74E5B00127AB6 /* PBXTargetDependency */ = {
			isa = PBXTargetDependency;
			target = A03FDF632AB74E5A00127AB6 /* HaxWidgetExtension */;
			targetProxy = A03FDF722AB74E5B00127AB6 /* PBXContainerItemProxy */;
		};
		A064ABBC28D3ADA600572ADD /* PBXTargetDependency */ = {
			isa = PBXTargetDependency;
			target = A064ABA828D3ADA500572ADD /* Hax */;
			targetProxy = A064ABBB28D3ADA600572ADD /* PBXContainerItemProxy */;
		};
		A064ABC628D3ADA600572ADD /* PBXTargetDependency */ = {
			isa = PBXTargetDependency;
			target = A064ABA828D3ADA500572ADD /* Hax */;
			targetProxy = A064ABC528D3ADA600572ADD /* PBXContainerItemProxy */;
		};
/* End PBXTargetDependency section */

/* Begin XCBuildConfiguration section */
		A03FDF762AB74E5B00127AB6 /* Debug */ = {
			isa = XCBuildConfiguration;
			buildSettings = {
				ASSETCATALOG_COMPILER_GLOBAL_ACCENT_COLOR_NAME = AccentColor;
				ASSETCATALOG_COMPILER_WIDGET_BACKGROUND_COLOR_NAME = WidgetBackground;
				CODE_SIGN_STYLE = Automatic;
				CURRENT_PROJECT_VERSION = 5;
				DEVELOPMENT_TEAM = B2NJF5A6ZC;
				GENERATE_INFOPLIST_FILE = YES;
				INFOPLIST_FILE = HaxWidget/Resources/Info.plist;
				INFOPLIST_KEY_CFBundleDisplayName = HaxWidget;
				INFOPLIST_KEY_NSHumanReadableCopyright = "";
				IPHONEOS_DEPLOYMENT_TARGET = 17.0;
				LD_RUNPATH_SEARCH_PATHS = (
					"$(inherited)",
					"@executable_path/Frameworks",
					"@executable_path/../../Frameworks",
				);
				MARKETING_VERSION = 1.1.0;
				PRODUCT_BUNDLE_IDENTIFIER = com.luisfl.Hax.debug.HaxWidget;
				PRODUCT_NAME = "$(TARGET_NAME)";
				SDKROOT = iphoneos;
				SKIP_INSTALL = YES;
				SUPPORTED_PLATFORMS = "iphoneos iphonesimulator";
				SUPPORTS_MACCATALYST = NO;
				SUPPORTS_MAC_DESIGNED_FOR_IPHONE_IPAD = NO;
				SUPPORTS_XR_DESIGNED_FOR_IPHONE_IPAD = NO;
				SWIFT_EMIT_LOC_STRINGS = YES;
				SWIFT_VERSION = 5.0;
				TARGETED_DEVICE_FAMILY = 1;
			};
			name = Debug;
		};
		A03FDF772AB74E5B00127AB6 /* Release */ = {
			isa = XCBuildConfiguration;
			buildSettings = {
				ASSETCATALOG_COMPILER_GLOBAL_ACCENT_COLOR_NAME = AccentColor;
				ASSETCATALOG_COMPILER_WIDGET_BACKGROUND_COLOR_NAME = WidgetBackground;
				CODE_SIGN_STYLE = Automatic;
				CURRENT_PROJECT_VERSION = 5;
				DEVELOPMENT_TEAM = B2NJF5A6ZC;
				GENERATE_INFOPLIST_FILE = YES;
				INFOPLIST_FILE = HaxWidget/Resources/Info.plist;
				INFOPLIST_KEY_CFBundleDisplayName = HaxWidget;
				INFOPLIST_KEY_NSHumanReadableCopyright = "";
				IPHONEOS_DEPLOYMENT_TARGET = 17.0;
				LD_RUNPATH_SEARCH_PATHS = (
					"$(inherited)",
					"@executable_path/Frameworks",
					"@executable_path/../../Frameworks",
				);
				MARKETING_VERSION = 1.1.0;
				PRODUCT_BUNDLE_IDENTIFIER = com.luisfl.Hax.HaxWidget;
				PRODUCT_NAME = "$(TARGET_NAME)";
				SDKROOT = iphoneos;
				SKIP_INSTALL = YES;
				SUPPORTED_PLATFORMS = "iphoneos iphonesimulator";
				SUPPORTS_MACCATALYST = NO;
				SUPPORTS_MAC_DESIGNED_FOR_IPHONE_IPAD = NO;
				SUPPORTS_XR_DESIGNED_FOR_IPHONE_IPAD = NO;
				SWIFT_EMIT_LOC_STRINGS = YES;
				SWIFT_VERSION = 5.0;
				TARGETED_DEVICE_FAMILY = 1;
				VALIDATE_PRODUCT = YES;
			};
			name = Release;
		};
		A064ABCC28D3ADA600572ADD /* Debug */ = {
			isa = XCBuildConfiguration;
			buildSettings = {
				ALWAYS_SEARCH_USER_PATHS = NO;
				CLANG_ANALYZER_NONNULL = YES;
				CLANG_ANALYZER_NUMBER_OBJECT_CONVERSION = YES_AGGRESSIVE;
				CLANG_CXX_LANGUAGE_STANDARD = "gnu++20";
				CLANG_ENABLE_MODULES = YES;
				CLANG_ENABLE_OBJC_ARC = YES;
				CLANG_ENABLE_OBJC_WEAK = YES;
				CLANG_WARN_BLOCK_CAPTURE_AUTORELEASING = YES;
				CLANG_WARN_BOOL_CONVERSION = YES;
				CLANG_WARN_COMMA = YES;
				CLANG_WARN_CONSTANT_CONVERSION = YES;
				CLANG_WARN_DEPRECATED_OBJC_IMPLEMENTATIONS = YES;
				CLANG_WARN_DIRECT_OBJC_ISA_USAGE = YES_ERROR;
				CLANG_WARN_DOCUMENTATION_COMMENTS = YES;
				CLANG_WARN_EMPTY_BODY = YES;
				CLANG_WARN_ENUM_CONVERSION = YES;
				CLANG_WARN_INFINITE_RECURSION = YES;
				CLANG_WARN_INT_CONVERSION = YES;
				CLANG_WARN_NON_LITERAL_NULL_CONVERSION = YES;
				CLANG_WARN_OBJC_IMPLICIT_RETAIN_SELF = YES;
				CLANG_WARN_OBJC_LITERAL_CONVERSION = YES;
				CLANG_WARN_OBJC_ROOT_CLASS = YES_ERROR;
				CLANG_WARN_QUOTED_INCLUDE_IN_FRAMEWORK_HEADER = YES;
				CLANG_WARN_RANGE_LOOP_ANALYSIS = YES;
				CLANG_WARN_STRICT_PROTOTYPES = YES;
				CLANG_WARN_SUSPICIOUS_MOVE = YES;
				CLANG_WARN_UNGUARDED_AVAILABILITY = YES_AGGRESSIVE;
				CLANG_WARN_UNREACHABLE_CODE = YES;
				CLANG_WARN__DUPLICATE_METHOD_MATCH = YES;
				COPY_PHASE_STRIP = NO;
				DEAD_CODE_STRIPPING = YES;
				DEBUG_INFORMATION_FORMAT = dwarf;
				ENABLE_STRICT_OBJC_MSGSEND = YES;
				ENABLE_TESTABILITY = YES;
				ENABLE_USER_SCRIPT_SANDBOXING = YES;
				GCC_C_LANGUAGE_STANDARD = gnu11;
				GCC_DYNAMIC_NO_PIC = NO;
				GCC_NO_COMMON_BLOCKS = YES;
				GCC_OPTIMIZATION_LEVEL = 0;
				GCC_PREPROCESSOR_DEFINITIONS = (
					"DEBUG=1",
					"$(inherited)",
				);
				GCC_WARN_64_TO_32_BIT_CONVERSION = YES;
				GCC_WARN_ABOUT_RETURN_TYPE = YES_ERROR;
				GCC_WARN_UNDECLARED_SELECTOR = YES;
				GCC_WARN_UNINITIALIZED_AUTOS = YES_AGGRESSIVE;
				GCC_WARN_UNUSED_FUNCTION = YES;
				GCC_WARN_UNUSED_VARIABLE = YES;
				MTL_ENABLE_DEBUG_INFO = INCLUDE_SOURCE;
				MTL_FAST_MATH = YES;
				ONLY_ACTIVE_ARCH = YES;
				SWIFT_ACTIVE_COMPILATION_CONDITIONS = DEBUG;
				SWIFT_OPTIMIZATION_LEVEL = "-Onone";
			};
			name = Debug;
		};
		A064ABCD28D3ADA600572ADD /* Release */ = {
			isa = XCBuildConfiguration;
			buildSettings = {
				ALWAYS_SEARCH_USER_PATHS = NO;
				CLANG_ANALYZER_NONNULL = YES;
				CLANG_ANALYZER_NUMBER_OBJECT_CONVERSION = YES_AGGRESSIVE;
				CLANG_CXX_LANGUAGE_STANDARD = "gnu++20";
				CLANG_ENABLE_MODULES = YES;
				CLANG_ENABLE_OBJC_ARC = YES;
				CLANG_ENABLE_OBJC_WEAK = YES;
				CLANG_WARN_BLOCK_CAPTURE_AUTORELEASING = YES;
				CLANG_WARN_BOOL_CONVERSION = YES;
				CLANG_WARN_COMMA = YES;
				CLANG_WARN_CONSTANT_CONVERSION = YES;
				CLANG_WARN_DEPRECATED_OBJC_IMPLEMENTATIONS = YES;
				CLANG_WARN_DIRECT_OBJC_ISA_USAGE = YES_ERROR;
				CLANG_WARN_DOCUMENTATION_COMMENTS = YES;
				CLANG_WARN_EMPTY_BODY = YES;
				CLANG_WARN_ENUM_CONVERSION = YES;
				CLANG_WARN_INFINITE_RECURSION = YES;
				CLANG_WARN_INT_CONVERSION = YES;
				CLANG_WARN_NON_LITERAL_NULL_CONVERSION = YES;
				CLANG_WARN_OBJC_IMPLICIT_RETAIN_SELF = YES;
				CLANG_WARN_OBJC_LITERAL_CONVERSION = YES;
				CLANG_WARN_OBJC_ROOT_CLASS = YES_ERROR;
				CLANG_WARN_QUOTED_INCLUDE_IN_FRAMEWORK_HEADER = YES;
				CLANG_WARN_RANGE_LOOP_ANALYSIS = YES;
				CLANG_WARN_STRICT_PROTOTYPES = YES;
				CLANG_WARN_SUSPICIOUS_MOVE = YES;
				CLANG_WARN_UNGUARDED_AVAILABILITY = YES_AGGRESSIVE;
				CLANG_WARN_UNREACHABLE_CODE = YES;
				CLANG_WARN__DUPLICATE_METHOD_MATCH = YES;
				COPY_PHASE_STRIP = NO;
				DEAD_CODE_STRIPPING = YES;
				DEBUG_INFORMATION_FORMAT = "dwarf-with-dsym";
				ENABLE_NS_ASSERTIONS = NO;
				ENABLE_STRICT_OBJC_MSGSEND = YES;
				ENABLE_USER_SCRIPT_SANDBOXING = YES;
				GCC_C_LANGUAGE_STANDARD = gnu11;
				GCC_NO_COMMON_BLOCKS = YES;
				GCC_WARN_64_TO_32_BIT_CONVERSION = YES;
				GCC_WARN_ABOUT_RETURN_TYPE = YES_ERROR;
				GCC_WARN_UNDECLARED_SELECTOR = YES;
				GCC_WARN_UNINITIALIZED_AUTOS = YES_AGGRESSIVE;
				GCC_WARN_UNUSED_FUNCTION = YES;
				GCC_WARN_UNUSED_VARIABLE = YES;
				MTL_ENABLE_DEBUG_INFO = NO;
				MTL_FAST_MATH = YES;
				SWIFT_COMPILATION_MODE = wholemodule;
				SWIFT_OPTIMIZATION_LEVEL = "-O";
			};
			name = Release;
		};
		A064ABCF28D3ADA600572ADD /* Debug */ = {
			isa = XCBuildConfiguration;
			buildSettings = {
				ALWAYS_EMBED_SWIFT_STANDARD_LIBRARIES = YES;
				ASSETCATALOG_COMPILER_APPICON_NAME = AppIconDebug;
				ASSETCATALOG_COMPILER_GLOBAL_ACCENT_COLOR_NAME = AccentColor;
				CODE_SIGN_ENTITLEMENTS = Hax/Resources/Hax.entitlements;
				CODE_SIGN_STYLE = Automatic;
				CURRENT_PROJECT_VERSION = 5;
				DEAD_CODE_STRIPPING = YES;
				DEVELOPMENT_ASSET_PATHS = "\"Hax/Resources/Preview Content\"";
				DEVELOPMENT_TEAM = B2NJF5A6ZC;
				ENABLE_HARDENED_RUNTIME = YES;
				ENABLE_PREVIEWS = YES;
				ENABLE_USER_SCRIPT_SANDBOXING = NO;
				GENERATE_INFOPLIST_FILE = YES;
				INFOPLIST_FILE = Hax/Resources/Info.plist;
				"INFOPLIST_KEY_UIApplicationSceneManifest_Generation[sdk=iphoneos*]" = YES;
				"INFOPLIST_KEY_UIApplicationSceneManifest_Generation[sdk=iphonesimulator*]" = YES;
				"INFOPLIST_KEY_UIApplicationSupportsIndirectInputEvents[sdk=iphoneos*]" = YES;
				"INFOPLIST_KEY_UIApplicationSupportsIndirectInputEvents[sdk=iphonesimulator*]" = YES;
				"INFOPLIST_KEY_UILaunchScreen_Generation[sdk=iphoneos*]" = YES;
				"INFOPLIST_KEY_UILaunchScreen_Generation[sdk=iphonesimulator*]" = YES;
				"INFOPLIST_KEY_UIStatusBarStyle[sdk=iphoneos*]" = UIStatusBarStyleDefault;
				"INFOPLIST_KEY_UIStatusBarStyle[sdk=iphonesimulator*]" = UIStatusBarStyleDefault;
				INFOPLIST_KEY_UISupportedInterfaceOrientations = UIInterfaceOrientationPortrait;
				INFOPLIST_KEY_UISupportedInterfaceOrientations_iPad = "UIInterfaceOrientationLandscapeLeft UIInterfaceOrientationLandscapeRight UIInterfaceOrientationPortrait UIInterfaceOrientationPortraitUpsideDown";
				IPHONEOS_DEPLOYMENT_TARGET = 17.2;
				LD_RUNPATH_SEARCH_PATHS = "@executable_path/Frameworks";
				"LD_RUNPATH_SEARCH_PATHS[sdk=macosx*]" = "@executable_path/../Frameworks";
				MACOSX_DEPLOYMENT_TARGET = 12.3;
				MARKETING_VERSION = 1.1.0;
				PRODUCT_BUNDLE_IDENTIFIER = com.luisfl.Hax.debug;
				PRODUCT_NAME = "$(TARGET_NAME)";
				SDKROOT = auto;
				SUPPORTED_PLATFORMS = "iphoneos iphonesimulator";
				SUPPORTS_MACCATALYST = NO;
				SUPPORTS_MAC_DESIGNED_FOR_IPHONE_IPAD = NO;
				SWIFT_EMIT_LOC_STRINGS = YES;
				SWIFT_STRICT_CONCURRENCY = complete;
				SWIFT_VERSION = 5.0;
				TARGETED_DEVICE_FAMILY = 1;
			};
			name = Debug;
		};
		A064ABD028D3ADA600572ADD /* Release */ = {
			isa = XCBuildConfiguration;
			buildSettings = {
				ALWAYS_EMBED_SWIFT_STANDARD_LIBRARIES = YES;
				ASSETCATALOG_COMPILER_APPICON_NAME = AppIcon;
				ASSETCATALOG_COMPILER_GLOBAL_ACCENT_COLOR_NAME = AccentColor;
				CODE_SIGN_ENTITLEMENTS = Hax/Resources/Hax.entitlements;
				CODE_SIGN_STYLE = Automatic;
				CURRENT_PROJECT_VERSION = 5;
				DEAD_CODE_STRIPPING = YES;
				DEVELOPMENT_ASSET_PATHS = "\"Hax/Resources/Preview Content\"";
				DEVELOPMENT_TEAM = B2NJF5A6ZC;
				ENABLE_HARDENED_RUNTIME = YES;
				ENABLE_PREVIEWS = YES;
				ENABLE_USER_SCRIPT_SANDBOXING = NO;
				GENERATE_INFOPLIST_FILE = YES;
				INFOPLIST_FILE = Hax/Resources/Info.plist;
				"INFOPLIST_KEY_UIApplicationSceneManifest_Generation[sdk=iphoneos*]" = YES;
				"INFOPLIST_KEY_UIApplicationSceneManifest_Generation[sdk=iphonesimulator*]" = YES;
				"INFOPLIST_KEY_UIApplicationSupportsIndirectInputEvents[sdk=iphoneos*]" = YES;
				"INFOPLIST_KEY_UIApplicationSupportsIndirectInputEvents[sdk=iphonesimulator*]" = YES;
				"INFOPLIST_KEY_UILaunchScreen_Generation[sdk=iphoneos*]" = YES;
				"INFOPLIST_KEY_UILaunchScreen_Generation[sdk=iphonesimulator*]" = YES;
				"INFOPLIST_KEY_UIStatusBarStyle[sdk=iphoneos*]" = UIStatusBarStyleDefault;
				"INFOPLIST_KEY_UIStatusBarStyle[sdk=iphonesimulator*]" = UIStatusBarStyleDefault;
				INFOPLIST_KEY_UISupportedInterfaceOrientations = UIInterfaceOrientationPortrait;
				INFOPLIST_KEY_UISupportedInterfaceOrientations_iPad = "UIInterfaceOrientationLandscapeLeft UIInterfaceOrientationLandscapeRight UIInterfaceOrientationPortrait UIInterfaceOrientationPortraitUpsideDown";
				IPHONEOS_DEPLOYMENT_TARGET = 17.2;
				LD_RUNPATH_SEARCH_PATHS = "@executable_path/Frameworks";
				"LD_RUNPATH_SEARCH_PATHS[sdk=macosx*]" = "@executable_path/../Frameworks";
				MACOSX_DEPLOYMENT_TARGET = 12.3;
				MARKETING_VERSION = 1.1.0;
				PRODUCT_BUNDLE_IDENTIFIER = com.luisfl.Hax;
				PRODUCT_NAME = "$(TARGET_NAME)";
				SDKROOT = auto;
				SUPPORTED_PLATFORMS = "iphoneos iphonesimulator";
				SUPPORTS_MACCATALYST = NO;
				SUPPORTS_MAC_DESIGNED_FOR_IPHONE_IPAD = NO;
				SWIFT_EMIT_LOC_STRINGS = YES;
				SWIFT_STRICT_CONCURRENCY = complete;
				SWIFT_VERSION = 5.0;
				TARGETED_DEVICE_FAMILY = 1;
			};
			name = Release;
		};
		A064ABD228D3ADA600572ADD /* Debug */ = {
			isa = XCBuildConfiguration;
			buildSettings = {
				ALWAYS_EMBED_SWIFT_STANDARD_LIBRARIES = YES;
				BUNDLE_LOADER = "$(TEST_HOST)";
				CODE_SIGN_STYLE = Automatic;
				CURRENT_PROJECT_VERSION = 1;
				DEAD_CODE_STRIPPING = YES;
				DEVELOPMENT_TEAM = B2NJF5A6ZC;
				GENERATE_INFOPLIST_FILE = YES;
				IPHONEOS_DEPLOYMENT_TARGET = 17.2;
				MACOSX_DEPLOYMENT_TARGET = 12.3;
				MARKETING_VERSION = 1.0;
				PRODUCT_BUNDLE_IDENTIFIER = com.luisfl.HaxTests;
				PRODUCT_NAME = "$(TARGET_NAME)";
				SDKROOT = auto;
				SUPPORTED_PLATFORMS = "iphoneos iphonesimulator";
				SUPPORTS_MACCATALYST = NO;
				SUPPORTS_MAC_DESIGNED_FOR_IPHONE_IPAD = NO;
				SWIFT_EMIT_LOC_STRINGS = NO;
				SWIFT_VERSION = 5.0;
				TARGETED_DEVICE_FAMILY = 1;
				TEST_HOST = "$(BUILT_PRODUCTS_DIR)/Hax.app/$(BUNDLE_EXECUTABLE_FOLDER_PATH)/Hax";
			};
			name = Debug;
		};
		A064ABD328D3ADA600572ADD /* Release */ = {
			isa = XCBuildConfiguration;
			buildSettings = {
				ALWAYS_EMBED_SWIFT_STANDARD_LIBRARIES = YES;
				BUNDLE_LOADER = "$(TEST_HOST)";
				CODE_SIGN_STYLE = Automatic;
				CURRENT_PROJECT_VERSION = 1;
				DEAD_CODE_STRIPPING = YES;
				DEVELOPMENT_TEAM = B2NJF5A6ZC;
				GENERATE_INFOPLIST_FILE = YES;
				IPHONEOS_DEPLOYMENT_TARGET = 17.2;
				MACOSX_DEPLOYMENT_TARGET = 12.3;
				MARKETING_VERSION = 1.0;
				PRODUCT_BUNDLE_IDENTIFIER = com.luisfl.HaxTests;
				PRODUCT_NAME = "$(TARGET_NAME)";
				SDKROOT = auto;
				SUPPORTED_PLATFORMS = "iphoneos iphonesimulator";
				SUPPORTS_MACCATALYST = NO;
				SUPPORTS_MAC_DESIGNED_FOR_IPHONE_IPAD = NO;
				SWIFT_EMIT_LOC_STRINGS = NO;
				SWIFT_VERSION = 5.0;
				TARGETED_DEVICE_FAMILY = 1;
				TEST_HOST = "$(BUILT_PRODUCTS_DIR)/Hax.app/$(BUNDLE_EXECUTABLE_FOLDER_PATH)/Hax";
			};
			name = Release;
		};
		A064ABD528D3ADA600572ADD /* Debug */ = {
			isa = XCBuildConfiguration;
			buildSettings = {
				ALWAYS_EMBED_SWIFT_STANDARD_LIBRARIES = YES;
				CODE_SIGN_STYLE = Automatic;
				CURRENT_PROJECT_VERSION = 1;
				DEAD_CODE_STRIPPING = YES;
				DEVELOPMENT_TEAM = B2NJF5A6ZC;
				GENERATE_INFOPLIST_FILE = YES;
				IPHONEOS_DEPLOYMENT_TARGET = 17.2;
				MACOSX_DEPLOYMENT_TARGET = 12.3;
				MARKETING_VERSION = 1.0;
				PRODUCT_BUNDLE_IDENTIFIER = com.luisfl.HaxUITests;
				PRODUCT_NAME = "$(TARGET_NAME)";
				SDKROOT = auto;
				SUPPORTED_PLATFORMS = "iphoneos iphonesimulator";
				SUPPORTS_MACCATALYST = NO;
				SUPPORTS_MAC_DESIGNED_FOR_IPHONE_IPAD = NO;
				SWIFT_EMIT_LOC_STRINGS = NO;
				SWIFT_VERSION = 5.0;
				TARGETED_DEVICE_FAMILY = 1;
				TEST_TARGET_NAME = Hax;
			};
			name = Debug;
		};
		A064ABD628D3ADA600572ADD /* Release */ = {
			isa = XCBuildConfiguration;
			buildSettings = {
				ALWAYS_EMBED_SWIFT_STANDARD_LIBRARIES = YES;
				CODE_SIGN_STYLE = Automatic;
				CURRENT_PROJECT_VERSION = 1;
				DEAD_CODE_STRIPPING = YES;
				DEVELOPMENT_TEAM = B2NJF5A6ZC;
				GENERATE_INFOPLIST_FILE = YES;
				IPHONEOS_DEPLOYMENT_TARGET = 17.2;
				MACOSX_DEPLOYMENT_TARGET = 12.3;
				MARKETING_VERSION = 1.0;
				PRODUCT_BUNDLE_IDENTIFIER = com.luisfl.HaxUITests;
				PRODUCT_NAME = "$(TARGET_NAME)";
				SDKROOT = auto;
				SUPPORTED_PLATFORMS = "iphoneos iphonesimulator";
				SUPPORTS_MACCATALYST = NO;
				SUPPORTS_MAC_DESIGNED_FOR_IPHONE_IPAD = NO;
				SWIFT_EMIT_LOC_STRINGS = NO;
				SWIFT_VERSION = 5.0;
				TARGETED_DEVICE_FAMILY = 1;
				TEST_TARGET_NAME = Hax;
			};
			name = Release;
		};
/* End XCBuildConfiguration section */

/* Begin XCConfigurationList section */
		A03FDF782AB74E5B00127AB6 /* Build configuration list for PBXNativeTarget "HaxWidgetExtension" */ = {
			isa = XCConfigurationList;
			buildConfigurations = (
				A03FDF762AB74E5B00127AB6 /* Debug */,
				A03FDF772AB74E5B00127AB6 /* Release */,
			);
			defaultConfigurationIsVisible = 0;
			defaultConfigurationName = Release;
		};
		A064ABA428D3ADA500572ADD /* Build configuration list for PBXProject "Hax" */ = {
			isa = XCConfigurationList;
			buildConfigurations = (
				A064ABCC28D3ADA600572ADD /* Debug */,
				A064ABCD28D3ADA600572ADD /* Release */,
			);
			defaultConfigurationIsVisible = 0;
			defaultConfigurationName = Release;
		};
		A064ABCE28D3ADA600572ADD /* Build configuration list for PBXNativeTarget "Hax" */ = {
			isa = XCConfigurationList;
			buildConfigurations = (
				A064ABCF28D3ADA600572ADD /* Debug */,
				A064ABD028D3ADA600572ADD /* Release */,
			);
			defaultConfigurationIsVisible = 0;
			defaultConfigurationName = Release;
		};
		A064ABD128D3ADA600572ADD /* Build configuration list for PBXNativeTarget "HaxTests" */ = {
			isa = XCConfigurationList;
			buildConfigurations = (
				A064ABD228D3ADA600572ADD /* Debug */,
				A064ABD328D3ADA600572ADD /* Release */,
			);
			defaultConfigurationIsVisible = 0;
			defaultConfigurationName = Release;
		};
		A064ABD428D3ADA600572ADD /* Build configuration list for PBXNativeTarget "HaxUITests" */ = {
			isa = XCConfigurationList;
			buildConfigurations = (
				A064ABD528D3ADA600572ADD /* Debug */,
				A064ABD628D3ADA600572ADD /* Release */,
			);
			defaultConfigurationIsVisible = 0;
			defaultConfigurationName = Release;
		};
/* End XCConfigurationList section */
	};
	rootObject = A064ABA128D3ADA500572ADD /* Project object */;
}
